// !$*UTF8*$!
{
	archiveVersion = 1;
	classes = {
	};
	objectVersion = 42;
	objects = {

/* Begin PBXBuildFile section */
		2142F5FA0ABB249000DD6226 /* Quartz.framework in Frameworks */ = {isa = PBXBuildFile; fileRef = 2142F5F90ABB249000DD6226 /* Quartz.framework */; };
		21D1EE610ABA93B200E1E46A /* AudioToolbox.framework in Frameworks */ = {isa = PBXBuildFile; fileRef = 21D1EE570ABA93B200E1E46A /* AudioToolbox.framework */; };
		21D1EE620ABA93B200E1E46A /* AudioUnit.framework in Frameworks */ = {isa = PBXBuildFile; fileRef = 21D1EE580ABA93B200E1E46A /* AudioUnit.framework */; };
		21D1EE630ABA93B200E1E46A /* CoreAudio.framework in Frameworks */ = {isa = PBXBuildFile; fileRef = 21D1EE590ABA93B200E1E46A /* CoreAudio.framework */; };
		21D1EE640ABA93B200E1E46A /* CoreMIDI.framework in Frameworks */ = {isa = PBXBuildFile; fileRef = 21D1EE5A0ABA93B200E1E46A /* CoreMIDI.framework */; };
		21D1EE650ABA93B200E1E46A /* CoreServices.framework in Frameworks */ = {isa = PBXBuildFile; fileRef = 21D1EE5B0ABA93B200E1E46A /* CoreServices.framework */; };
		21D1EE660ABA93B200E1E46A /* libfftw3f.a in Frameworks */ = {isa = PBXBuildFile; fileRef = 21D1EE5C0ABA93B200E1E46A /* libfftw3f.a */; };
		21D1EE670ABA93B200E1E46A /* libnewran.a in Frameworks */ = {isa = PBXBuildFile; fileRef = 21D1EE5D0ABA93B200E1E46A /* libnewran.a */; };
		21D1EE680ABA93B200E1E46A /* libportaudio.a in Frameworks */ = {isa = PBXBuildFile; fileRef = 21D1EE5E0ABA93B200E1E46A /* libportaudio.a */; };
		21D1EE690ABA93B200E1E46A /* libportmidi.a in Frameworks */ = {isa = PBXBuildFile; fileRef = 21D1EE5F0ABA93B200E1E46A /* libportmidi.a */; };
		21D1EE6A0ABA93B200E1E46A /* libsndfile.a in Frameworks */ = {isa = PBXBuildFile; fileRef = 21D1EE600ABA93B200E1E46A /* libsndfile.a */; };
		21D1EE6E0ABA93D700E1E46A /* SpatDemoController.mm in Sources */ = {isa = PBXBuildFile; fileRef = 21D1EE6D0ABA93D700E1E46A /* SpatDemoController.mm */; };
		21D1EED20ABA941800E1E46A /* FileIO.cpp in Sources */ = {isa = PBXBuildFile; fileRef = 21D1EE710ABA941700E1E46A /* FileIO.cpp */; };
		21D1EED30ABA941800E1E46A /* Microphone.cpp in Sources */ = {isa = PBXBuildFile; fileRef = 21D1EE730ABA941700E1E46A /* Microphone.cpp */; };
		21D1EED40ABA941800E1E46A /* PAIO.cpp in Sources */ = {isa = PBXBuildFile; fileRef = 21D1EE750ABA941700E1E46A /* PAIO.cpp */; };
		21D1EED50ABA941800E1E46A /* SoundFile.cpp in Sources */ = {isa = PBXBuildFile; fileRef = 21D1EE770ABA941700E1E46A /* SoundFile.cpp */; };
		21D1EED70ABA941800E1E46A /* CGestalt.cpp in Sources */ = {isa = PBXBuildFile; fileRef = 21D1EE7B0ABA941700E1E46A /* CGestalt.cpp */; };
		21D1EED80ABA941800E1E46A /* CSL_Core.cpp in Sources */ = {isa = PBXBuildFile; fileRef = 21D1EE7D0ABA941700E1E46A /* CSL_Core.cpp */; };
		21D1EED90ABA941800E1E46A /* RingBuffer.cpp in Sources */ = {isa = PBXBuildFile; fileRef = 21D1EE820ABA941700E1E46A /* RingBuffer.cpp */; };
		21D1EEE20ABA941800E1E46A /* Ambisonic.cpp in Sources */ = {isa = PBXBuildFile; fileRef = 21D1EE930ABA941700E1E46A /* Ambisonic.cpp */; };
		21D1EEE30ABA941800E1E46A /* AmbisonicPanner.cpp in Sources */ = {isa = PBXBuildFile; fileRef = 21D1EE950ABA941700E1E46A /* AmbisonicPanner.cpp */; };
		21D1EEE40ABA941800E1E46A /* AmbisonicUtilities.cpp in Sources */ = {isa = PBXBuildFile; fileRef = 21D1EE970ABA941700E1E46A /* AmbisonicUtilities.cpp */; };
		21D1EEE80ABA941800E1E46A /* ._.DS_Store in Resources */ = {isa = PBXBuildFile; fileRef = 21D1EE9E0ABA941800E1E46A /* ._.DS_Store */; };
		21D1EEE90ABA941800E1E46A /* Binaural.cpp in Sources */ = {isa = PBXBuildFile; fileRef = 21D1EE9F0ABA941800E1E46A /* Binaural.cpp */; };
		21D1EEEA0ABA941800E1E46A /* DistanceSimulator.cpp in Sources */ = {isa = PBXBuildFile; fileRef = 21D1EEA10ABA941800E1E46A /* DistanceSimulator.cpp */; };
		21D1EEF00ABA941800E1E46A /* Mixer.cpp in Sources */ = {isa = PBXBuildFile; fileRef = 21D1EEAF0ABA941800E1E46A /* Mixer.cpp */; };
		21D1EEF10ABA941800E1E46A /* Panner.cpp in Sources */ = {isa = PBXBuildFile; fileRef = 21D1EEB10ABA941800E1E46A /* Panner.cpp */; };
		21D1EEF30ABA941800E1E46A /* ShoeBox.cpp in Sources */ = {isa = PBXBuildFile; fileRef = 21D1EEB60ABA941800E1E46A /* ShoeBox.cpp */; };
		21D1EEF40ABA941800E1E46A /* SpatialAudio.cpp in Sources */ = {isa = PBXBuildFile; fileRef = 21D1EEB80ABA941800E1E46A /* SpatialAudio.cpp */; };
		21D1EEF50ABA941800E1E46A /* SpatialSource.cpp in Sources */ = {isa = PBXBuildFile; fileRef = 21D1EEBA0ABA941800E1E46A /* SpatialSource.cpp */; };
		21D1EEF70ABA941800E1E46A /* SpeakerLayout.cpp in Sources */ = {isa = PBXBuildFile; fileRef = 21D1EEBD0ABA941800E1E46A /* SpeakerLayout.cpp */; };
		21D1EEFB0ABA941800E1E46A /* VBAP.cpp in Sources */ = {isa = PBXBuildFile; fileRef = 21D1EEC50ABA941800E1E46A /* VBAP.cpp */; };
		21D1EEFE0ABA941800E1E46A /* CPoint.cpp in Sources */ = {isa = PBXBuildFile; fileRef = 21D1EECA0ABA941800E1E46A /* CPoint.cpp */; };
		21D1EEFF0ABA941800E1E46A /* Interleaver.cpp in Sources */ = {isa = PBXBuildFile; fileRef = 21D1EECD0ABA941800E1E46A /* Interleaver.cpp */; };
		21D1EF000ABA941800E1E46A /* ThreadUtilities.cpp in Sources */ = {isa = PBXBuildFile; fileRef = 21D1EECF0ABA941800E1E46A /* ThreadUtilities.cpp */; };
		8D11072A0486CEB800E47090 /* MainMenu.nib in Resources */ = {isa = PBXBuildFile; fileRef = 29B97318FDCFA39411CA2CEA /* MainMenu.nib */; };
		8D11072B0486CEB800E47090 /* InfoPlist.strings in Resources */ = {isa = PBXBuildFile; fileRef = 089C165CFE840E0CC02AAC07 /* InfoPlist.strings */; };
		8D11072D0486CEB800E47090 /* main.m in Sources */ = {isa = PBXBuildFile; fileRef = 29B97316FDCFA39411CA2CEA /* main.m */; settings = {ATTRIBUTES = (); }; };
		8D11072F0486CEB800E47090 /* Cocoa.framework in Frameworks */ = {isa = PBXBuildFile; fileRef = 1058C7A1FEA54F0111CA2CBB /* Cocoa.framework */; };
/* End PBXBuildFile section */

/* Begin PBXFileReference section */
		089C165DFE840E0CC02AAC07 /* English */ = {isa = PBXFileReference; fileEncoding = 10; lastKnownFileType = text.plist.strings; name = English; path = English.lproj/InfoPlist.strings; sourceTree = "<group>"; };
		1058C7A1FEA54F0111CA2CBB /* Cocoa.framework */ = {isa = PBXFileReference; lastKnownFileType = wrapper.framework; name = Cocoa.framework; path = /System/Library/Frameworks/Cocoa.framework; sourceTree = "<absolute>"; };
		13E42FB307B3F0F600E4EEF1 /* CoreData.framework */ = {isa = PBXFileReference; lastKnownFileType = wrapper.framework; name = CoreData.framework; path = /System/Library/Frameworks/CoreData.framework; sourceTree = "<absolute>"; };
		2142F5F90ABB249000DD6226 /* Quartz.framework */ = {isa = PBXFileReference; lastKnownFileType = wrapper.framework; name = Quartz.framework; path = /System/Library/Frameworks/Quartz.framework; sourceTree = "<absolute>"; };
		21D1EE570ABA93B200E1E46A /* AudioToolbox.framework */ = {isa = PBXFileReference; lastKnownFileType = wrapper.framework; name = AudioToolbox.framework; path = /System/Library/Frameworks/AudioToolbox.framework; sourceTree = "<absolute>"; };
		21D1EE580ABA93B200E1E46A /* AudioUnit.framework */ = {isa = PBXFileReference; lastKnownFileType = wrapper.framework; name = AudioUnit.framework; path = /System/Library/Frameworks/AudioUnit.framework; sourceTree = "<absolute>"; };
		21D1EE590ABA93B200E1E46A /* CoreAudio.framework */ = {isa = PBXFileReference; lastKnownFileType = wrapper.framework; name = CoreAudio.framework; path = /System/Library/Frameworks/CoreAudio.framework; sourceTree = "<absolute>"; };
		21D1EE5A0ABA93B200E1E46A /* CoreMIDI.framework */ = {isa = PBXFileReference; lastKnownFileType = wrapper.framework; name = CoreMIDI.framework; path = /System/Library/Frameworks/CoreMIDI.framework; sourceTree = "<absolute>"; };
		21D1EE5B0ABA93B200E1E46A /* CoreServices.framework */ = {isa = PBXFileReference; lastKnownFileType = wrapper.framework; name = CoreServices.framework; path = /System/Library/Frameworks/CoreServices.framework; sourceTree = "<absolute>"; };
		21D1EE5C0ABA93B200E1E46A /* libfftw3f.a */ = {isa = PBXFileReference; lastKnownFileType = archive.ar; name = libfftw3f.a; path = /usr/local/lib/libfftw3f.a; sourceTree = "<absolute>"; };
		21D1EE5D0ABA93B200E1E46A /* libnewran.a */ = {isa = PBXFileReference; lastKnownFileType = archive.ar; name = libnewran.a; path = /usr/local/lib/libnewran.a; sourceTree = "<absolute>"; };
		21D1EE5E0ABA93B200E1E46A /* libportaudio.a */ = {isa = PBXFileReference; lastKnownFileType = archive.ar; name = libportaudio.a; path = /usr/local/lib/libportaudio.a; sourceTree = "<absolute>"; };
		21D1EE5F0ABA93B200E1E46A /* libportmidi.a */ = {isa = PBXFileReference; lastKnownFileType = archive.ar; name = libportmidi.a; path = /usr/local/lib/libportmidi.a; sourceTree = "<absolute>"; };
		21D1EE600ABA93B200E1E46A /* libsndfile.a */ = {isa = PBXFileReference; lastKnownFileType = archive.ar; name = libsndfile.a; path = /usr/local/lib/libsndfile.a; sourceTree = "<absolute>"; };
		21D1EE6C0ABA93D700E1E46A /* SpatDemoController.h */ = {isa = PBXFileReference; fileEncoding = 30; lastKnownFileType = sourcecode.c.h; path = SpatDemoController.h; sourceTree = "<group>"; };
		21D1EE6D0ABA93D700E1E46A /* SpatDemoController.mm */ = {isa = PBXFileReference; fileEncoding = 30; lastKnownFileType = sourcecode.cpp.objcpp; path = SpatDemoController.mm; sourceTree = "<group>"; };
		21D1EE710ABA941700E1E46A /* FileIO.cpp */ = {isa = PBXFileReference; fileEncoding = 30; lastKnownFileType = sourcecode.cpp.cpp; path = FileIO.cpp; sourceTree = "<group>"; };
		21D1EE720ABA941700E1E46A /* FileIO.h */ = {isa = PBXFileReference; fileEncoding = 30; lastKnownFileType = sourcecode.c.h; path = FileIO.h; sourceTree = "<group>"; };
		21D1EE730ABA941700E1E46A /* Microphone.cpp */ = {isa = PBXFileReference; fileEncoding = 30; lastKnownFileType = sourcecode.cpp.cpp; path = Microphone.cpp; sourceTree = "<group>"; };
		21D1EE740ABA941700E1E46A /* Microphone.h */ = {isa = PBXFileReference; fileEncoding = 30; lastKnownFileType = sourcecode.c.h; path = Microphone.h; sourceTree = "<group>"; };
		21D1EE750ABA941700E1E46A /* PAIO.cpp */ = {isa = PBXFileReference; fileEncoding = 30; lastKnownFileType = sourcecode.cpp.cpp; path = PAIO.cpp; sourceTree = "<group>"; };
		21D1EE760ABA941700E1E46A /* PAIO.h */ = {isa = PBXFileReference; fileEncoding = 30; lastKnownFileType = sourcecode.c.h; path = PAIO.h; sourceTree = "<group>"; };
		21D1EE770ABA941700E1E46A /* SoundFile.cpp */ = {isa = PBXFileReference; fileEncoding = 30; lastKnownFileType = sourcecode.cpp.cpp; path = SoundFile.cpp; sourceTree = "<group>"; };
		21D1EE780ABA941700E1E46A /* SoundFile.h */ = {isa = PBXFileReference; fileEncoding = 30; lastKnownFileType = sourcecode.c.h; path = SoundFile.h; sourceTree = "<group>"; };
		21D1EE7B0ABA941700E1E46A /* CGestalt.cpp */ = {isa = PBXFileReference; fileEncoding = 30; lastKnownFileType = sourcecode.cpp.cpp; path = CGestalt.cpp; sourceTree = "<group>"; };
		21D1EE7C0ABA941700E1E46A /* CGestalt.h */ = {isa = PBXFileReference; fileEncoding = 30; lastKnownFileType = sourcecode.c.h; path = CGestalt.h; sourceTree = "<group>"; };
		21D1EE7D0ABA941700E1E46A /* CSL_Core.cpp */ = {isa = PBXFileReference; fileEncoding = 30; lastKnownFileType = sourcecode.cpp.cpp; path = CSL_Core.cpp; sourceTree = "<group>"; };
		21D1EE7E0ABA941700E1E46A /* CSL_Core.h */ = {isa = PBXFileReference; fileEncoding = 30; lastKnownFileType = sourcecode.c.h; path = CSL_Core.h; sourceTree = "<group>"; };
		21D1EE7F0ABA941700E1E46A /* CSL_Exceptions.h */ = {isa = PBXFileReference; fileEncoding = 30; lastKnownFileType = sourcecode.c.h; path = CSL_Exceptions.h; sourceTree = "<group>"; };
		21D1EE800ABA941700E1E46A /* CSL_Includes.h */ = {isa = PBXFileReference; fileEncoding = 30; lastKnownFileType = sourcecode.c.h; path = CSL_Includes.h; sourceTree = "<group>"; };
		21D1EE810ABA941700E1E46A /* CSL_Types.h */ = {isa = PBXFileReference; fileEncoding = 30; lastKnownFileType = sourcecode.c.h; path = CSL_Types.h; sourceTree = "<group>"; };
		21D1EE820ABA941700E1E46A /* RingBuffer.cpp */ = {isa = PBXFileReference; fileEncoding = 30; lastKnownFileType = sourcecode.cpp.cpp; path = RingBuffer.cpp; sourceTree = "<group>"; };
		21D1EE830ABA941700E1E46A /* RingBuffer.h */ = {isa = PBXFileReference; fileEncoding = 30; lastKnownFileType = sourcecode.c.h; path = RingBuffer.h; sourceTree = "<group>"; };
		21D1EE930ABA941700E1E46A /* Ambisonic.cpp */ = {isa = PBXFileReference; fileEncoding = 30; lastKnownFileType = sourcecode.cpp.cpp; path = Ambisonic.cpp; sourceTree = "<group>"; };
		21D1EE940ABA941700E1E46A /* Ambisonic.h */ = {isa = PBXFileReference; fileEncoding = 30; lastKnownFileType = sourcecode.c.h; path = Ambisonic.h; sourceTree = "<group>"; };
		21D1EE950ABA941700E1E46A /* AmbisonicPanner.cpp */ = {isa = PBXFileReference; fileEncoding = 30; lastKnownFileType = sourcecode.cpp.cpp; path = AmbisonicPanner.cpp; sourceTree = "<group>"; };
		21D1EE960ABA941700E1E46A /* AmbisonicPanner.h */ = {isa = PBXFileReference; fileEncoding = 30; lastKnownFileType = sourcecode.c.h; path = AmbisonicPanner.h; sourceTree = "<group>"; };
		21D1EE970ABA941700E1E46A /* AmbisonicUtilities.cpp */ = {isa = PBXFileReference; fileEncoding = 30; lastKnownFileType = sourcecode.cpp.cpp; path = AmbisonicUtilities.cpp; sourceTree = "<group>"; };
		21D1EE980ABA941700E1E46A /* AmbisonicUtilities.h */ = {isa = PBXFileReference; fileEncoding = 30; lastKnownFileType = sourcecode.c.h; path = AmbisonicUtilities.h; sourceTree = "<group>"; };
		21D1EE9E0ABA941800E1E46A /* ._.DS_Store */ = {isa = PBXFileReference; lastKnownFileType = file; path = ._.DS_Store; sourceTree = "<group>"; };
		21D1EE9F0ABA941800E1E46A /* Binaural.cpp */ = {isa = PBXFileReference; fileEncoding = 30; lastKnownFileType = sourcecode.cpp.cpp; path = Binaural.cpp; sourceTree = "<group>"; };
		21D1EEA00ABA941800E1E46A /* Binaural.h */ = {isa = PBXFileReference; fileEncoding = 30; lastKnownFileType = sourcecode.c.h; path = Binaural.h; sourceTree = "<group>"; };
		21D1EEA10ABA941800E1E46A /* DistanceSimulator.cpp */ = {isa = PBXFileReference; fileEncoding = 30; lastKnownFileType = sourcecode.cpp.cpp; path = DistanceSimulator.cpp; sourceTree = "<group>"; };
		21D1EEA20ABA941800E1E46A /* DistanceSimulator.h */ = {isa = PBXFileReference; fileEncoding = 30; lastKnownFileType = sourcecode.c.h; path = DistanceSimulator.h; sourceTree = "<group>"; };
		21D1EEAF0ABA941800E1E46A /* Mixer.cpp */ = {isa = PBXFileReference; fileEncoding = 30; lastKnownFileType = sourcecode.cpp.cpp; path = Mixer.cpp; sourceTree = "<group>"; };
		21D1EEB00ABA941800E1E46A /* Mixer.h */ = {isa = PBXFileReference; fileEncoding = 30; lastKnownFileType = sourcecode.c.h; path = Mixer.h; sourceTree = "<group>"; };
		21D1EEB10ABA941800E1E46A /* Panner.cpp */ = {isa = PBXFileReference; fileEncoding = 30; lastKnownFileType = sourcecode.cpp.cpp; path = Panner.cpp; sourceTree = "<group>"; };
		21D1EEB20ABA941800E1E46A /* Panner.h */ = {isa = PBXFileReference; fileEncoding = 30; lastKnownFileType = sourcecode.c.h; path = Panner.h; sourceTree = "<group>"; };
		21D1EEB60ABA941800E1E46A /* ShoeBox.cpp */ = {isa = PBXFileReference; fileEncoding = 30; lastKnownFileType = sourcecode.cpp.cpp; path = ShoeBox.cpp; sourceTree = "<group>"; };
		21D1EEB70ABA941800E1E46A /* ShoeBox.h */ = {isa = PBXFileReference; fileEncoding = 30; lastKnownFileType = sourcecode.c.h; path = ShoeBox.h; sourceTree = "<group>"; };
		21D1EEB80ABA941800E1E46A /* SpatialAudio.cpp */ = {isa = PBXFileReference; fileEncoding = 30; lastKnownFileType = sourcecode.cpp.cpp; path = SpatialAudio.cpp; sourceTree = "<group>"; };
		21D1EEB90ABA941800E1E46A /* SpatialAudio.h */ = {isa = PBXFileReference; fileEncoding = 30; lastKnownFileType = sourcecode.c.h; path = SpatialAudio.h; sourceTree = "<group>"; };
		21D1EEBA0ABA941800E1E46A /* SpatialSource.cpp */ = {isa = PBXFileReference; fileEncoding = 30; lastKnownFileType = sourcecode.cpp.cpp; path = SpatialSource.cpp; sourceTree = "<group>"; };
		21D1EEBB0ABA941800E1E46A /* SpatialSource.h */ = {isa = PBXFileReference; fileEncoding = 30; lastKnownFileType = sourcecode.c.h; path = SpatialSource.h; sourceTree = "<group>"; };
		21D1EEBD0ABA941800E1E46A /* SpeakerLayout.cpp */ = {isa = PBXFileReference; fileEncoding = 30; lastKnownFileType = sourcecode.cpp.cpp; path = SpeakerLayout.cpp; sourceTree = "<group>"; };
		21D1EEBE0ABA941800E1E46A /* SpeakerLayout.h */ = {isa = PBXFileReference; fileEncoding = 30; lastKnownFileType = sourcecode.c.h; path = SpeakerLayout.h; sourceTree = "<group>"; };
		21D1EEC50ABA941800E1E46A /* VBAP.cpp */ = {isa = PBXFileReference; fileEncoding = 30; lastKnownFileType = sourcecode.cpp.cpp; path = VBAP.cpp; sourceTree = "<group>"; };
		21D1EEC60ABA941800E1E46A /* VBAP.h */ = {isa = PBXFileReference; fileEncoding = 30; lastKnownFileType = sourcecode.c.h; path = VBAP.h; sourceTree = "<group>"; };
		21D1EECA0ABA941800E1E46A /* CPoint.cpp */ = {isa = PBXFileReference; fileEncoding = 30; lastKnownFileType = sourcecode.cpp.cpp; path = CPoint.cpp; sourceTree = "<group>"; };
		21D1EECB0ABA941800E1E46A /* CPoint.h */ = {isa = PBXFileReference; fileEncoding = 30; lastKnownFileType = sourcecode.c.h; path = CPoint.h; sourceTree = "<group>"; };
		21D1EECC0ABA941800E1E46A /* CSL_All.h */ = {isa = PBXFileReference; fileEncoding = 30; lastKnownFileType = sourcecode.c.h; path = CSL_All.h; sourceTree = "<group>"; };
		21D1EECD0ABA941800E1E46A /* Interleaver.cpp */ = {isa = PBXFileReference; fileEncoding = 30; lastKnownFileType = sourcecode.cpp.cpp; path = Interleaver.cpp; sourceTree = "<group>"; };
		21D1EECE0ABA941800E1E46A /* Interleaver.h */ = {isa = PBXFileReference; fileEncoding = 30; lastKnownFileType = sourcecode.c.h; path = Interleaver.h; sourceTree = "<group>"; };
		21D1EECF0ABA941800E1E46A /* ThreadUtilities.cpp */ = {isa = PBXFileReference; fileEncoding = 30; lastKnownFileType = sourcecode.cpp.cpp; path = ThreadUtilities.cpp; sourceTree = "<group>"; };
		21D1EED00ABA941800E1E46A /* ThreadUtilities.h */ = {isa = PBXFileReference; fileEncoding = 30; lastKnownFileType = sourcecode.c.h; path = ThreadUtilities.h; sourceTree = "<group>"; };
		21D1F0210ABA9EFC00E1E46A /* SpatDemoTwo.app */ = {isa = PBXFileReference; explicitFileType = wrapper.application; includeInIndex = 0; path = SpatDemoTwo.app; sourceTree = BUILT_PRODUCTS_DIR; };
		21D1F0230ABA9EFC00E1E46A /* SpatDemoTwo-Info.plist */ = {isa = PBXFileReference; lastKnownFileType = text.plist.xml; path = "SpatDemoTwo-Info.plist"; sourceTree = "<group>"; };
		29B97316FDCFA39411CA2CEA /* main.m */ = {isa = PBXFileReference; fileEncoding = 4; lastKnownFileType = sourcecode.c.objc; path = main.m; sourceTree = "<group>"; };
		29B97319FDCFA39411CA2CEA /* English */ = {isa = PBXFileReference; lastKnownFileType = wrapper.nib; name = English; path = English.lproj/MainMenu.nib; sourceTree = "<group>"; };
		29B97324FDCFA39411CA2CEA /* AppKit.framework */ = {isa = PBXFileReference; lastKnownFileType = wrapper.framework; name = AppKit.framework; path = /System/Library/Frameworks/AppKit.framework; sourceTree = "<absolute>"; };
		29B97325FDCFA39411CA2CEA /* Foundation.framework */ = {isa = PBXFileReference; lastKnownFileType = wrapper.framework; name = Foundation.framework; path = /System/Library/Frameworks/Foundation.framework; sourceTree = "<absolute>"; };
		32CA4F630368D1EE00C91783 /* SpatDemo_Prefix.pch */ = {isa = PBXFileReference; fileEncoding = 4; lastKnownFileType = sourcecode.c.h; path = SpatDemo_Prefix.pch; sourceTree = "<group>"; };
		8D1107310486CEB800E47090 /* Info.plist */ = {isa = PBXFileReference; fileEncoding = 4; lastKnownFileType = text.plist; path = Info.plist; sourceTree = "<group>"; };
		8D1107320486CEB800E47090 /* SpatDemo.app */ = {isa = PBXFileReference; explicitFileType = wrapper.application; includeInIndex = 0; path = SpatDemo.app; sourceTree = BUILT_PRODUCTS_DIR; };
/* End PBXFileReference section */

/* Begin PBXFrameworksBuildPhase section */
		21D1F01F0ABA9EFC00E1E46A /* Frameworks */ = {
			isa = PBXFrameworksBuildPhase;
			buildActionMask = 2147483647;
			files = (
			);
			runOnlyForDeploymentPostprocessing = 0;
		};
		8D11072E0486CEB800E47090 /* Frameworks */ = {
			isa = PBXFrameworksBuildPhase;
			buildActionMask = 2147483647;
			files = (
				8D11072F0486CEB800E47090 /* Cocoa.framework in Frameworks */,
				21D1EE610ABA93B200E1E46A /* AudioToolbox.framework in Frameworks */,
				21D1EE620ABA93B200E1E46A /* AudioUnit.framework in Frameworks */,
				21D1EE630ABA93B200E1E46A /* CoreAudio.framework in Frameworks */,
				21D1EE640ABA93B200E1E46A /* CoreMIDI.framework in Frameworks */,
				21D1EE650ABA93B200E1E46A /* CoreServices.framework in Frameworks */,
				21D1EE660ABA93B200E1E46A /* libfftw3f.a in Frameworks */,
				21D1EE670ABA93B200E1E46A /* libnewran.a in Frameworks */,
				21D1EE680ABA93B200E1E46A /* libportaudio.a in Frameworks */,
				21D1EE690ABA93B200E1E46A /* libportmidi.a in Frameworks */,
				21D1EE6A0ABA93B200E1E46A /* libsndfile.a in Frameworks */,
				2142F5FA0ABB249000DD6226 /* Quartz.framework in Frameworks */,
			);
			runOnlyForDeploymentPostprocessing = 0;
		};
/* End PBXFrameworksBuildPhase section */

/* Begin PBXGroup section */
		080E96DDFE201D6D7F000001 /* Classes */ = {
			isa = PBXGroup;
			children = (
				21D1EE6C0ABA93D700E1E46A /* SpatDemoController.h */,
				21D1EE6D0ABA93D700E1E46A /* SpatDemoController.mm */,
			);
			name = Classes;
			sourceTree = "<group>";
		};
		1058C7A0FEA54F0111CA2CBB /* Linked Frameworks */ = {
			isa = PBXGroup;
			children = (
				2142F5F90ABB249000DD6226 /* Quartz.framework */,
				21D1EE570ABA93B200E1E46A /* AudioToolbox.framework */,
				21D1EE580ABA93B200E1E46A /* AudioUnit.framework */,
				21D1EE590ABA93B200E1E46A /* CoreAudio.framework */,
				21D1EE5A0ABA93B200E1E46A /* CoreMIDI.framework */,
				21D1EE5B0ABA93B200E1E46A /* CoreServices.framework */,
				21D1EE5C0ABA93B200E1E46A /* libfftw3f.a */,
				21D1EE5D0ABA93B200E1E46A /* libnewran.a */,
				21D1EE5E0ABA93B200E1E46A /* libportaudio.a */,
				21D1EE5F0ABA93B200E1E46A /* libportmidi.a */,
				21D1EE600ABA93B200E1E46A /* libsndfile.a */,
				1058C7A1FEA54F0111CA2CBB /* Cocoa.framework */,
			);
			name = "Linked Frameworks";
			sourceTree = "<group>";
		};
		1058C7A2FEA54F0111CA2CBB /* Other Frameworks */ = {
			isa = PBXGroup;
			children = (
				29B97324FDCFA39411CA2CEA /* AppKit.framework */,
				13E42FB307B3F0F600E4EEF1 /* CoreData.framework */,
				29B97325FDCFA39411CA2CEA /* Foundation.framework */,
			);
			name = "Other Frameworks";
			sourceTree = "<group>";
		};
		19C28FACFE9D520D11CA2CBB /* Products */ = {
			isa = PBXGroup;
			children = (
				8D1107320486CEB800E47090 /* SpatDemo.app */,
				21D1F0210ABA9EFC00E1E46A /* SpatDemoTwo.app */,
			);
			name = Products;
			sourceTree = "<group>";
		};
		21D1EE6F0ABA941700E1E46A /* IO */ = {
			isa = PBXGroup;
			children = (
				21D1EE710ABA941700E1E46A /* FileIO.cpp */,
				21D1EE720ABA941700E1E46A /* FileIO.h */,
				21D1EE730ABA941700E1E46A /* Microphone.cpp */,
				21D1EE740ABA941700E1E46A /* Microphone.h */,
				21D1EE750ABA941700E1E46A /* PAIO.cpp */,
				21D1EE760ABA941700E1E46A /* PAIO.h */,
				21D1EE770ABA941700E1E46A /* SoundFile.cpp */,
				21D1EE780ABA941700E1E46A /* SoundFile.h */,
			);
			path = IO;
			sourceTree = "<group>";
		};
		21D1EE790ABA941700E1E46A /* Kernel */ = {
			isa = PBXGroup;
			children = (
				21D1EE7B0ABA941700E1E46A /* CGestalt.cpp */,
				21D1EE7C0ABA941700E1E46A /* CGestalt.h */,
				21D1EE7D0ABA941700E1E46A /* CSL_Core.cpp */,
				21D1EE7E0ABA941700E1E46A /* CSL_Core.h */,
				21D1EE7F0ABA941700E1E46A /* CSL_Exceptions.h */,
				21D1EE800ABA941700E1E46A /* CSL_Includes.h */,
				21D1EE810ABA941700E1E46A /* CSL_Types.h */,
				21D1EE820ABA941700E1E46A /* RingBuffer.cpp */,
				21D1EE830ABA941700E1E46A /* RingBuffer.h */,
			);
			path = Kernel;
			sourceTree = "<group>";
		};
		21D1EE8E0ABA941700E1E46A /* Spatializers */ = {
			isa = PBXGroup;
			children = (
				21D1EE910ABA941700E1E46A /* Ambisonic */,
				21D1EE9D0ABA941800E1E46A /* Binaural */,
				21D1EEA10ABA941800E1E46A /* DistanceSimulator.cpp */,
				21D1EEA20ABA941800E1E46A /* DistanceSimulator.h */,
				21D1EEAF0ABA941800E1E46A /* Mixer.cpp */,
				21D1EEB00ABA941800E1E46A /* Mixer.h */,
				21D1EEB10ABA941800E1E46A /* Panner.cpp */,
				21D1EEB20ABA941800E1E46A /* Panner.h */,
				21D1EEB50ABA941800E1E46A /* RoomAcoustics */,
				21D1EEB80ABA941800E1E46A /* SpatialAudio.cpp */,
				21D1EEB90ABA941800E1E46A /* SpatialAudio.h */,
				21D1EEBA0ABA941800E1E46A /* SpatialSource.cpp */,
				21D1EEBB0ABA941800E1E46A /* SpatialSource.h */,
				21D1EEBD0ABA941800E1E46A /* SpeakerLayout.cpp */,
				21D1EEBE0ABA941800E1E46A /* SpeakerLayout.h */,
				21D1EEBF0ABA941800E1E46A /* VBAP */,
			);
			path = Spatializers;
			sourceTree = "<group>";
		};
		21D1EE910ABA941700E1E46A /* Ambisonic */ = {
			isa = PBXGroup;
			children = (
				21D1EE930ABA941700E1E46A /* Ambisonic.cpp */,
				21D1EE940ABA941700E1E46A /* Ambisonic.h */,
				21D1EE950ABA941700E1E46A /* AmbisonicPanner.cpp */,
				21D1EE960ABA941700E1E46A /* AmbisonicPanner.h */,
				21D1EE970ABA941700E1E46A /* AmbisonicUtilities.cpp */,
				21D1EE980ABA941700E1E46A /* AmbisonicUtilities.h */,
			);
			path = Ambisonic;
			sourceTree = "<group>";
		};
		21D1EE9D0ABA941800E1E46A /* Binaural */ = {
			isa = PBXGroup;
			children = (
				21D1EE9E0ABA941800E1E46A /* ._.DS_Store */,
				21D1EE9F0ABA941800E1E46A /* Binaural.cpp */,
				21D1EEA00ABA941800E1E46A /* Binaural.h */,
			);
			path = Binaural;
			sourceTree = "<group>";
		};
		21D1EEB50ABA941800E1E46A /* RoomAcoustics */ = {
			isa = PBXGroup;
			children = (
				21D1EEB60ABA941800E1E46A /* ShoeBox.cpp */,
				21D1EEB70ABA941800E1E46A /* ShoeBox.h */,
			);
			path = RoomAcoustics;
			sourceTree = "<group>";
		};
		21D1EEBF0ABA941800E1E46A /* VBAP */ = {
			isa = PBXGroup;
			children = (
				21D1EEC50ABA941800E1E46A /* VBAP.cpp */,
				21D1EEC60ABA941800E1E46A /* VBAP.h */,
			);
			path = VBAP;
			sourceTree = "<group>";
		};
		21D1EEC80ABA941800E1E46A /* Utilities */ = {
			isa = PBXGroup;
			children = (
				21D1EECA0ABA941800E1E46A /* CPoint.cpp */,
				21D1EECB0ABA941800E1E46A /* CPoint.h */,
				21D1EECC0ABA941800E1E46A /* CSL_All.h */,
				21D1EECD0ABA941800E1E46A /* Interleaver.cpp */,
				21D1EECE0ABA941800E1E46A /* Interleaver.h */,
				21D1EECF0ABA941800E1E46A /* ThreadUtilities.cpp */,
				21D1EED00ABA941800E1E46A /* ThreadUtilities.h */,
			);
			path = Utilities;
			sourceTree = "<group>";
		};
		29B97314FDCFA39411CA2CEA /* SpatDemo */ = {
			isa = PBXGroup;
			children = (
				080E96DDFE201D6D7F000001 /* Classes */,
				29B97315FDCFA39411CA2CEA /* Other Sources */,
				29B97317FDCFA39411CA2CEA /* Resources */,
				29B97323FDCFA39411CA2CEA /* Frameworks */,
				19C28FACFE9D520D11CA2CBB /* Products */,
				21D1F0230ABA9EFC00E1E46A /* SpatDemoTwo-Info.plist */,
			);
			name = SpatDemo;
			sourceTree = "<group>";
		};
		29B97315FDCFA39411CA2CEA /* Other Sources */ = {
			isa = PBXGroup;
			children = (
				21D1EE790ABA941700E1E46A /* Kernel */,
				21D1EEC80ABA941800E1E46A /* Utilities */,
				21D1EE6F0ABA941700E1E46A /* IO */,
				21D1EE8E0ABA941700E1E46A /* Spatializers */,
				32CA4F630368D1EE00C91783 /* SpatDemo_Prefix.pch */,
				29B97316FDCFA39411CA2CEA /* main.m */,
			);
			name = "Other Sources";
			sourceTree = "<group>";
		};
		29B97317FDCFA39411CA2CEA /* Resources */ = {
			isa = PBXGroup;
			children = (
				8D1107310486CEB800E47090 /* Info.plist */,
				089C165CFE840E0CC02AAC07 /* InfoPlist.strings */,
				29B97318FDCFA39411CA2CEA /* MainMenu.nib */,
			);
			name = Resources;
			sourceTree = "<group>";
		};
		29B97323FDCFA39411CA2CEA /* Frameworks */ = {
			isa = PBXGroup;
			children = (
				1058C7A0FEA54F0111CA2CBB /* Linked Frameworks */,
				1058C7A2FEA54F0111CA2CBB /* Other Frameworks */,
			);
			name = Frameworks;
			sourceTree = "<group>";
		};
/* End PBXGroup section */

/* Begin PBXNativeTarget section */
		21D1F0200ABA9EFC00E1E46A /* SpatDemoTwo */ = {
			isa = PBXNativeTarget;
			buildConfigurationList = 21D1F0240ABA9EFD00E1E46A /* Build configuration list for PBXNativeTarget "SpatDemoTwo" */;
			buildPhases = (
				21D1F01D0ABA9EFC00E1E46A /* Resources */,
				21D1F01E0ABA9EFC00E1E46A /* Sources */,
				21D1F01F0ABA9EFC00E1E46A /* Frameworks */,
			);
			buildRules = (
			);
			dependencies = (
			);
			name = SpatDemoTwo;
			productName = SpatDemoTwo;
			productReference = 21D1F0210ABA9EFC00E1E46A /* SpatDemoTwo.app */;
			productType = "com.apple.product-type.application";
		};
		8D1107260486CEB800E47090 /* SpatDemo */ = {
			isa = PBXNativeTarget;
			buildConfigurationList = C01FCF4A08A954540054247B /* Build configuration list for PBXNativeTarget "SpatDemo" */;
			buildPhases = (
				8D1107290486CEB800E47090 /* Resources */,
				8D11072C0486CEB800E47090 /* Sources */,
				8D11072E0486CEB800E47090 /* Frameworks */,
			);
			buildRules = (
			);
			dependencies = (
			);
			name = SpatDemo;
			productInstallPath = "$(HOME)/Applications";
			productName = SpatDemo;
			productReference = 8D1107320486CEB800E47090 /* SpatDemo.app */;
			productType = "com.apple.product-type.application";
		};
/* End PBXNativeTarget section */

/* Begin PBXProject section */
		29B97313FDCFA39411CA2CEA /* Project object */ = {
			isa = PBXProject;
			buildConfigurationList = C01FCF4E08A954540054247B /* Build configuration list for PBXProject "SpatDemo" */;
			compatibilityVersion = "Xcode 2.4";
			hasScannedForEncodings = 1;
			mainGroup = 29B97314FDCFA39411CA2CEA /* SpatDemo */;
			projectDirPath = "";
			projectRoot = "";
			targets = (
				8D1107260486CEB800E47090 /* SpatDemo */,
				21D1F0200ABA9EFC00E1E46A /* SpatDemoTwo */,
			);
		};
/* End PBXProject section */

/* Begin PBXResourcesBuildPhase section */
		21D1F01D0ABA9EFC00E1E46A /* Resources */ = {
			isa = PBXResourcesBuildPhase;
			buildActionMask = 2147483647;
			files = (
			);
			runOnlyForDeploymentPostprocessing = 0;
		};
		8D1107290486CEB800E47090 /* Resources */ = {
			isa = PBXResourcesBuildPhase;
			buildActionMask = 2147483647;
			files = (
				8D11072A0486CEB800E47090 /* MainMenu.nib in Resources */,
				8D11072B0486CEB800E47090 /* InfoPlist.strings in Resources */,
				21D1EEE80ABA941800E1E46A /* ._.DS_Store in Resources */,
			);
			runOnlyForDeploymentPostprocessing = 0;
		};
/* End PBXResourcesBuildPhase section */

/* Begin PBXSourcesBuildPhase section */
		21D1F01E0ABA9EFC00E1E46A /* Sources */ = {
			isa = PBXSourcesBuildPhase;
			buildActionMask = 2147483647;
			files = (
			);
			runOnlyForDeploymentPostprocessing = 0;
		};
		8D11072C0486CEB800E47090 /* Sources */ = {
			isa = PBXSourcesBuildPhase;
			buildActionMask = 2147483647;
			files = (
				8D11072D0486CEB800E47090 /* main.m in Sources */,
				21D1EE6E0ABA93D700E1E46A /* SpatDemoController.mm in Sources */,
				21D1EED20ABA941800E1E46A /* FileIO.cpp in Sources */,
				21D1EED30ABA941800E1E46A /* Microphone.cpp in Sources */,
				21D1EED40ABA941800E1E46A /* PAIO.cpp in Sources */,
				21D1EED50ABA941800E1E46A /* SoundFile.cpp in Sources */,
				21D1EED70ABA941800E1E46A /* CGestalt.cpp in Sources */,
				21D1EED80ABA941800E1E46A /* CSL_Core.cpp in Sources */,
				21D1EED90ABA941800E1E46A /* RingBuffer.cpp in Sources */,
				21D1EEE20ABA941800E1E46A /* Ambisonic.cpp in Sources */,
				21D1EEE30ABA941800E1E46A /* AmbisonicPanner.cpp in Sources */,
				21D1EEE40ABA941800E1E46A /* AmbisonicUtilities.cpp in Sources */,
				21D1EEE90ABA941800E1E46A /* Binaural.cpp in Sources */,
				21D1EEEA0ABA941800E1E46A /* DistanceSimulator.cpp in Sources */,
				21D1EEF00ABA941800E1E46A /* Mixer.cpp in Sources */,
				21D1EEF10ABA941800E1E46A /* Panner.cpp in Sources */,
				21D1EEF30ABA941800E1E46A /* ShoeBox.cpp in Sources */,
				21D1EEF40ABA941800E1E46A /* SpatialAudio.cpp in Sources */,
				21D1EEF50ABA941800E1E46A /* SpatialSource.cpp in Sources */,
				21D1EEF70ABA941800E1E46A /* SpeakerLayout.cpp in Sources */,
				21D1EEFB0ABA941800E1E46A /* VBAP.cpp in Sources */,
				21D1EEFE0ABA941800E1E46A /* CPoint.cpp in Sources */,
				21D1EEFF0ABA941800E1E46A /* Interleaver.cpp in Sources */,
				21D1EF000ABA941800E1E46A /* ThreadUtilities.cpp in Sources */,
			);
			runOnlyForDeploymentPostprocessing = 0;
		};
/* End PBXSourcesBuildPhase section */

/* Begin PBXVariantGroup section */
		089C165CFE840E0CC02AAC07 /* InfoPlist.strings */ = {
			isa = PBXVariantGroup;
			children = (
				089C165DFE840E0CC02AAC07 /* English */,
			);
			name = InfoPlist.strings;
			sourceTree = "<group>";
		};
		29B97318FDCFA39411CA2CEA /* MainMenu.nib */ = {
			isa = PBXVariantGroup;
			children = (
				29B97319FDCFA39411CA2CEA /* English */,
			);
			name = MainMenu.nib;
			sourceTree = "<group>";
		};
/* End PBXVariantGroup section */

/* Begin XCBuildConfiguration section */
		21D1F0250ABA9EFD00E1E46A /* Debug */ = {
			isa = XCBuildConfiguration;
			buildSettings = {
				COPY_PHASE_STRIP = NO;
				GCC_DYNAMIC_NO_PIC = NO;
				GCC_ENABLE_FIX_AND_CONTINUE = YES;
				GCC_GENERATE_DEBUGGING_SYMBOLS = YES;
				GCC_MODEL_TUNING = G5;
				GCC_OPTIMIZATION_LEVEL = 0;
				GCC_PRECOMPILE_PREFIX_HEADER = YES;
				GCC_PREFIX_HEADER = "$(SYSTEM_LIBRARY_DIR)/Frameworks/AppKit.framework/Headers/AppKit.h";
				INFOPLIST_FILE = "SpatDemoTwo-Info.plist";
				INSTALL_PATH = "$(HOME)/Applications";
				OTHER_LDFLAGS = (
					"-framework",
					Foundation,
					"-framework",
					AppKit,
				);
				PREBINDING = NO;
				PRODUCT_NAME = SpatDemoTwo;
				WRAPPER_EXTENSION = app;
				ZERO_LINK = YES;
			};
			name = Debug;
		};
		21D1F0260ABA9EFD00E1E46A /* Release */ = {
			isa = XCBuildConfiguration;
			buildSettings = {
				COPY_PHASE_STRIP = YES;
				GCC_ENABLE_FIX_AND_CONTINUE = NO;
				GCC_GENERATE_DEBUGGING_SYMBOLS = NO;
				GCC_MODEL_TUNING = G5;
				GCC_PRECOMPILE_PREFIX_HEADER = YES;
				GCC_PREFIX_HEADER = "$(SYSTEM_LIBRARY_DIR)/Frameworks/AppKit.framework/Headers/AppKit.h";
				INFOPLIST_FILE = "SpatDemoTwo-Info.plist";
				INSTALL_PATH = "$(HOME)/Applications";
				OTHER_LDFLAGS = (
					"-framework",
					Foundation,
					"-framework",
					AppKit,
				);
				PREBINDING = NO;
				PRODUCT_NAME = SpatDemoTwo;
				WRAPPER_EXTENSION = app;
				ZERO_LINK = NO;
			};
			name = Release;
		};
		C01FCF4B08A954540054247B /* Debug */ = {
			isa = XCBuildConfiguration;
			buildSettings = {
				ARCHS = ppc;
				COPY_PHASE_STRIP = NO;
				GCC_DYNAMIC_NO_PIC = NO;
				GCC_ENABLE_FIX_AND_CONTINUE = YES;
				GCC_MODEL_TUNING = G5;
				GCC_OPTIMIZATION_LEVEL = 0;
				INFOPLIST_FILE = Info.plist;
				INSTALL_PATH = "$(HOME)/Applications";
				PRODUCT_NAME = SpatDemo;
				WRAPPER_EXTENSION = app;
				ZERO_LINK = YES;
			};
			name = Debug;
		};
		C01FCF4C08A954540054247B /* Release */ = {
			isa = XCBuildConfiguration;
			buildSettings = {
				ARCHS = ppc;
				GCC_GENERATE_DEBUGGING_SYMBOLS = NO;
				GCC_MODEL_TUNING = G5;
				INFOPLIST_FILE = Info.plist;
				INSTALL_PATH = "$(HOME)/Applications";
				PRODUCT_NAME = SpatDemo;
				WRAPPER_EXTENSION = app;
			};
			name = Release;
		};
		C01FCF4F08A954540054247B /* Debug */ = {
			isa = XCBuildConfiguration;
			buildSettings = {
				ARCHS = ppc;
				GCC_WARN_ABOUT_RETURN_TYPE = YES;
				GCC_WARN_UNUSED_VARIABLE = YES;
				LIBRARY_SEARCH_PATHS = /usr/local/lib/;
				PREBINDING = NO;
				SDKROOT = /Developer/SDKs/MacOSX10.4u.sdk;
				USER_HEADER_SEARCH_PATHS = /usr/local/include/;
			};
			name = Debug;
		};
		C01FCF5008A954540054247B /* Release */ = {
			isa = XCBuildConfiguration;
			buildSettings = {
				ARCHS = ppc;
				GCC_WARN_ABOUT_RETURN_TYPE = YES;
				GCC_WARN_UNUSED_VARIABLE = YES;
				LIBRARY_SEARCH_PATHS = /usr/local/lib/;
				PREBINDING = NO;
				SDKROOT = /Developer/SDKs/MacOSX10.4u.sdk;
				USER_HEADER_SEARCH_PATHS = /usr/local/include/;
			};
			name = Release;
		};
/* End XCBuildConfiguration section */

/* Begin XCConfigurationList section */
		21D1F0240ABA9EFD00E1E46A /* Build configuration list for PBXNativeTarget "SpatDemoTwo" */ = {
			isa = XCConfigurationList;
			buildConfigurations = (
				21D1F0250ABA9EFD00E1E46A /* Debug */,
				21D1F0260ABA9EFD00E1E46A /* Release */,
			);
			defaultConfigurationIsVisible = 0;
			defaultConfigurationName = Release;
		};
		C01FCF4A08A954540054247B /* Build configuration list for PBXNativeTarget "SpatDemo" */ = {
			isa = XCConfigurationList;
			buildConfigurations = (
				C01FCF4B08A954540054247B /* Debug */,
				C01FCF4C08A954540054247B /* Release */,
			);
			defaultConfigurationIsVisible = 0;
			defaultConfigurationName = Release;
		};
		C01FCF4E08A954540054247B /* Build configuration list for PBXProject "SpatDemo" */ = {
			isa = XCConfigurationList;
			buildConfigurations = (
				C01FCF4F08A954540054247B /* Debug */,
				C01FCF5008A954540054247B /* Release */,
			);
			defaultConfigurationIsVisible = 0;
			defaultConfigurationName = Release;
		};
/* End XCConfigurationList section */
	};
	rootObject = 29B97313FDCFA39411CA2CEA /* Project object */;
}
