// !$*UTF8*$!
{
	archiveVersion = 1;
	classes = {
	};
	objectVersion = 42;
	objects = {

/* Begin PBXBuildFile section */
		4C1081E2108255DE00A34A15 /* liblo.dylib in Frameworks */ = {isa = PBXBuildFile; fileRef = 4C1081E1108255DE00A34A15 /* liblo.dylib */; };
		4C492E250CF62DCE00C0BF2F /* libjucedebug.a in Frameworks */ = {isa = PBXBuildFile; fileRef = 4C492E240CF62DCE00C0BF2F /* libjucedebug.a */; };
		4C4B942C0FAA068100B086EE /* QTKit.framework in Frameworks */ = {isa = PBXBuildFile; fileRef = 4C4B942A0FAA068100B086EE /* QTKit.framework */; };
		4C4B94320FAA069900B086EE /* DiscRecording.framework in Frameworks */ = {isa = PBXBuildFile; fileRef = 4C4B94300FAA069900B086EE /* DiscRecording.framework */; };
		4C4B94380FAA06AB00B086EE /* WebKit.framework in Frameworks */ = {isa = PBXBuildFile; fileRef = 4C4B94360FAA06AB00B086EE /* WebKit.framework */; };
		4C524E0F0CC83541001E1E27 /* CoreMIDI.framework in Frameworks */ = {isa = PBXBuildFile; fileRef = 4C524E0E0CC83541001E1E27 /* CoreMIDI.framework */; };
		4C5DA34B10517A6D007CD461 /* AudioToolbox.framework in Frameworks */ = {isa = PBXBuildFile; fileRef = 4C5DA34A10517A6D007CD461 /* AudioToolbox.framework */; };
		4C600B230CBDAC8D009787A3 /* IOKit.framework in Frameworks */ = {isa = PBXBuildFile; fileRef = 4C600B220CBDAC8D009787A3 /* IOKit.framework */; };
		4C904E4C0CD1807500307D02 /* CSL_Core.cpp in Sources */ = {isa = PBXBuildFile; fileRef = 4C904E450CD1807500307D02 /* CSL_Core.cpp */; };
		4C904E4D0CD1807500307D02 /* CGestalt.cpp in Sources */ = {isa = PBXBuildFile; fileRef = 4C904E470CD1807500307D02 /* CGestalt.cpp */; };
		4C904E4E0CD1807500307D02 /* Variable.cpp in Sources */ = {isa = PBXBuildFile; fileRef = 4C904E490CD1807500307D02 /* Variable.cpp */; };
		4C904E4F0CD1807500307D02 /* RingBuffer.cpp in Sources */ = {isa = PBXBuildFile; fileRef = 4C904E4B0CD1807500307D02 /* RingBuffer.cpp */; };
		4C904EBD0CD1808E00307D02 /* Window.cpp in Sources */ = {isa = PBXBuildFile; fileRef = 4C904E6F0CD1808E00307D02 /* Window.cpp */; };
		4C904EBE0CD1808E00307D02 /* Envelope.cpp in Sources */ = {isa = PBXBuildFile; fileRef = 4C904E710CD1808E00307D02 /* Envelope.cpp */; };
		4C904EC10CD1808E00307D02 /* Oscillator.cpp in Sources */ = {isa = PBXBuildFile; fileRef = 4C904E770CD1808E00307D02 /* Oscillator.cpp */; };
		4C904EC90CD1808E00307D02 /* BinaryOp.cpp in Sources */ = {isa = PBXBuildFile; fileRef = 4C904E880CD1808E00307D02 /* BinaryOp.cpp */; };
		4C904ECA0CD1808E00307D02 /* Mixer.cpp in Sources */ = {isa = PBXBuildFile; fileRef = 4C904E8A0CD1808E00307D02 /* Mixer.cpp */; };
		4C904ECC0CD1808E00307D02 /* Filters.cpp in Sources */ = {isa = PBXBuildFile; fileRef = 4C904E8E0CD1808E00307D02 /* Filters.cpp */; };
		4C904ED10CD1808E00307D02 /* Freeverb.cpp in Sources */ = {isa = PBXBuildFile; fileRef = 4C904E980CD1808E00307D02 /* Freeverb.cpp */; };
		4C904F1F0CD1841500307D02 /* ThreadUtilities.cpp in Sources */ = {isa = PBXBuildFile; fileRef = 4C904F180CD1841500307D02 /* ThreadUtilities.cpp */; };
		4C904F210CD1841500307D02 /* BlockResizer.cpp in Sources */ = {isa = PBXBuildFile; fileRef = 4C904F1C0CD1841500307D02 /* BlockResizer.cpp */; };
		4C904F220CD1841500307D02 /* CPoint.cpp in Sources */ = {isa = PBXBuildFile; fileRef = 4C904F1E0CD1841500307D02 /* CPoint.cpp */; };
		4C9F346B1076DAFD00C90714 /* MIDIIOJ.cpp in Sources */ = {isa = PBXBuildFile; fileRef = 4C9F34671076DAFD00C90714 /* MIDIIOJ.cpp */; };
		4CA0B4781062ADAB008009D0 /* SoundFileJ.cpp in Sources */ = {isa = PBXBuildFile; fileRef = 4C0BF9E610071C8F0006F064 /* SoundFileJ.cpp */; };
		4CA75570107D7EFA0030FF80 /* AdditiveInstrument.cpp in Sources */ = {isa = PBXBuildFile; fileRef = 4C3AB33310597E06006877AE /* AdditiveInstrument.cpp */; };
		4CC43446107AB39600AE02E9 /* OSC_support.cpp in Sources */ = {isa = PBXBuildFile; fileRef = 4CC43444107AB39600AE02E9 /* OSC_support.cpp */; };
		4CCF1CF00F182085004C3920 /* CoreFoundation.framework in Frameworks */ = {isa = PBXBuildFile; fileRef = 4CCF1CEE0F182085004C3920 /* CoreFoundation.framework */; };
		4CCF1E8D0F182123004C3920 /* Cocoa.framework in Frameworks */ = {isa = PBXBuildFile; fileRef = 4CCF1E8B0F182123004C3920 /* Cocoa.framework */; };
		4CCF1EA10F182134004C3920 /* OpenGL.framework in Frameworks */ = {isa = PBXBuildFile; fileRef = 4CCF1E9F0F182134004C3920 /* OpenGL.framework */; };
		4CD020670CD2A8D5003CC9F3 /* BasicFMInstrument.cpp in Sources */ = {isa = PBXBuildFile; fileRef = 4C904F2C0CD1842900307D02 /* BasicFMInstrument.cpp */; };
		4CD020680CD2A8D7003CC9F3 /* Instrument.cpp in Sources */ = {isa = PBXBuildFile; fileRef = 4C904F2A0CD1842900307D02 /* Instrument.cpp */; };
		4CD020690CD2A8D9003CC9F3 /* SndFileInstrument.cpp in Sources */ = {isa = PBXBuildFile; fileRef = 4C904F2E0CD1842900307D02 /* SndFileInstrument.cpp */; };
		4CF402B01048CD500023930D /* SoundFile.cpp in Sources */ = {isa = PBXBuildFile; fileRef = 4CF402AF1048CD500023930D /* SoundFile.cpp */; };
		4CF624F31082E9A90045BBD9 /* CSL_ServerComponent.cpp in Sources */ = {isa = PBXBuildFile; fileRef = 4CF624F11082E9A90045BBD9 /* CSL_ServerComponent.cpp */; };
		4CF625161082E9E70045BBD9 /* MainServer.cpp in Sources */ = {isa = PBXBuildFile; fileRef = 4CF625151082E9E70045BBD9 /* MainServer.cpp */; };
		4CF625741082FF220045BBD9 /* Noise.cpp in Sources */ = {isa = PBXBuildFile; fileRef = 4C904E730CD1808E00307D02 /* Noise.cpp */; };
		4CF625F8108305770045BBD9 /* InfoServer.plist in Resources */ = {isa = PBXBuildFile; fileRef = 4CF625F7108305770045BBD9 /* InfoServer.plist */; };
		4CF626691083B1160045BBD9 /* InfoPlistServer.strings in Resources */ = {isa = PBXBuildFile; fileRef = 4CF626671083B1160045BBD9 /* InfoPlistServer.strings */; };
		84078F3E09E6B42E004E7BCD /* AGL.framework in Frameworks */ = {isa = PBXBuildFile; fileRef = 84078F3D09E6B42E004E7BCD /* AGL.framework */; };
		8407902B09E6B5BD004E7BCD /* QuickTime.framework in Frameworks */ = {isa = PBXBuildFile; fileRef = 8407902A09E6B5BD004E7BCD /* QuickTime.framework */; };
		84F30CED08FEAD7A0087E26C /* CoreAudio.framework in Frameworks */ = {isa = PBXBuildFile; fileRef = 84F30CEC08FEAD7A0087E26C /* CoreAudio.framework */; };
		8D0C4E920486CD37000505A6 /* Carbon.framework in Frameworks */ = {isa = PBXBuildFile; fileRef = 20286C33FDCF999611CA2CEA /* Carbon.framework */; };
/* End PBXBuildFile section */

/* Begin PBXFileReference section */
		20286C33FDCF999611CA2CEA /* Carbon.framework */ = {isa = PBXFileReference; lastKnownFileType = wrapper.framework; name = Carbon.framework; path = /System/Library/Frameworks/Carbon.framework; sourceTree = "<absolute>"; };
		4A9504C8FFE6A3BC11CA0CBA /* ApplicationServices.framework */ = {isa = PBXFileReference; lastKnownFileType = wrapper.framework; name = ApplicationServices.framework; path = /System/Library/Frameworks/ApplicationServices.framework; sourceTree = "<absolute>"; };
		4A9504CAFFE6A41611CA0CBA /* CoreServices.framework */ = {isa = PBXFileReference; lastKnownFileType = wrapper.framework; name = CoreServices.framework; path = /System/Library/Frameworks/CoreServices.framework; sourceTree = "<absolute>"; };
		4C07224710704994007D4013 /* Test_Control.cpp */ = {isa = PBXFileReference; fileEncoding = 4; lastKnownFileType = sourcecode.cpp.cpp; path = Test_Control.cpp; sourceTree = "<group>"; };
		4C0BF9E610071C8F0006F064 /* SoundFileJ.cpp */ = {isa = PBXFileReference; fileEncoding = 4; lastKnownFileType = sourcecode.cpp.cpp; path = SoundFileJ.cpp; sourceTree = "<group>"; };
		4C0BF9E710071C8F0006F064 /* SoundFileJ.h */ = {isa = PBXFileReference; fileEncoding = 4; lastKnownFileType = sourcecode.c.h; path = SoundFileJ.h; sourceTree = "<group>"; };
		4C1081E1108255DE00A34A15 /* liblo.dylib */ = {isa = PBXFileReference; lastKnownFileType = "compiled.mach-o.dylib"; name = liblo.dylib; path = /usr/local/lib/liblo.dylib; sourceTree = "<absolute>"; };
		4C1081EF108256F500A34A15 /* COPYRIGHT */ = {isa = PBXFileReference; fileEncoding = 4; lastKnownFileType = text; name = COPYRIGHT; path = ../COPYRIGHT; sourceTree = SOURCE_ROOT; };
		4C1081F0108256F500A34A15 /* README */ = {isa = PBXFileReference; fileEncoding = 4; lastKnownFileType = text; name = README; path = ../README; sourceTree = SOURCE_ROOT; };
		4C196A0410815D7100EE476C /* Test_OSC_Client.cpp */ = {isa = PBXFileReference; fileEncoding = 4; lastKnownFileType = sourcecode.cpp.cpp; path = Test_OSC_Client.cpp; sourceTree = "<group>"; };
		4C37531D0FE0A14B004E1EFE /* JUCEIO.cpp */ = {isa = PBXFileReference; fileEncoding = 4; lastKnownFileType = sourcecode.cpp.cpp; name = JUCEIO.cpp; path = CSL/IO/JUCEIO.cpp; sourceTree = "<group>"; };
		4C37531E0FE0A14B004E1EFE /* JUCEIO.h */ = {isa = PBXFileReference; fileEncoding = 4; lastKnownFileType = sourcecode.c.h; name = JUCEIO.h; path = CSL/IO/JUCEIO.h; sourceTree = "<group>"; };
		4C3AB31D10597D6A006877AE /* Granulator.cpp */ = {isa = PBXFileReference; fileEncoding = 4; lastKnownFileType = sourcecode.cpp.cpp; path = Granulator.cpp; sourceTree = "<group>"; };
		4C3AB31E10597D6A006877AE /* Granulator.h */ = {isa = PBXFileReference; fileEncoding = 4; lastKnownFileType = sourcecode.c.h; path = Granulator.h; sourceTree = "<group>"; };
		4C3AB31F10597D6A006877AE /* Lorenz.cpp */ = {isa = PBXFileReference; fileEncoding = 4; lastKnownFileType = sourcecode.cpp.cpp; path = Lorenz.cpp; sourceTree = "<group>"; };
		4C3AB32010597D6A006877AE /* Lorenz.h */ = {isa = PBXFileReference; fileEncoding = 4; lastKnownFileType = sourcecode.c.h; path = Lorenz.h; sourceTree = "<group>"; };
		4C3AB32110597D6A006877AE /* OscillatorBL.cpp */ = {isa = PBXFileReference; fileEncoding = 4; lastKnownFileType = sourcecode.cpp.cpp; path = OscillatorBL.cpp; sourceTree = "<group>"; };
		4C3AB32210597D6A006877AE /* OscillatorBL.h */ = {isa = PBXFileReference; fileEncoding = 4; lastKnownFileType = sourcecode.c.h; path = OscillatorBL.h; sourceTree = "<group>"; };
		4C3AB32310597D6A006877AE /* WaveShaper.cpp */ = {isa = PBXFileReference; fileEncoding = 4; lastKnownFileType = sourcecode.cpp.cpp; path = WaveShaper.cpp; sourceTree = "<group>"; };
		4C3AB32410597D6A006877AE /* WaveShaper.h */ = {isa = PBXFileReference; fileEncoding = 4; lastKnownFileType = sourcecode.c.h; path = WaveShaper.h; sourceTree = "<group>"; };
		4C3AB33310597E06006877AE /* AdditiveInstrument.cpp */ = {isa = PBXFileReference; fileEncoding = 4; lastKnownFileType = sourcecode.cpp.cpp; path = AdditiveInstrument.cpp; sourceTree = "<group>"; };
		4C3AB33410597E06006877AE /* AdditiveInstrument.h */ = {isa = PBXFileReference; fileEncoding = 4; lastKnownFileType = sourcecode.c.h; path = AdditiveInstrument.h; sourceTree = "<group>"; };
		4C3AB33510597E06006877AE /* WhiteNoiseInstrument.cpp */ = {isa = PBXFileReference; fileEncoding = 4; lastKnownFileType = sourcecode.cpp.cpp; path = WhiteNoiseInstrument.cpp; sourceTree = "<group>"; };
		4C3AB33610597E06006877AE /* WhiteNoiseInstrument.h */ = {isa = PBXFileReference; fileEncoding = 4; lastKnownFileType = sourcecode.c.h; path = WhiteNoiseInstrument.h; sourceTree = "<group>"; };
		4C3AB33710597E40006877AE /* JackIO.cpp */ = {isa = PBXFileReference; fileEncoding = 4; lastKnownFileType = sourcecode.cpp.cpp; name = JackIO.cpp; path = CSL/IO/JackIO.cpp; sourceTree = "<group>"; };
		4C3AB33810597E40006877AE /* JackIO.h */ = {isa = PBXFileReference; fileEncoding = 4; lastKnownFileType = sourcecode.c.h; name = JackIO.h; path = CSL/IO/JackIO.h; sourceTree = "<group>"; };
		4C3AB33B10597E40006877AE /* NullIO.cpp */ = {isa = PBXFileReference; fileEncoding = 4; lastKnownFileType = sourcecode.cpp.cpp; name = NullIO.cpp; path = CSL/IO/NullIO.cpp; sourceTree = "<group>"; };
		4C3AB33C10597E40006877AE /* NullIO.h */ = {isa = PBXFileReference; fileEncoding = 4; lastKnownFileType = sourcecode.c.h; name = NullIO.h; path = CSL/IO/NullIO.h; sourceTree = "<group>"; };
		4C3AB33D10597E40006877AE /* PAIO.cpp */ = {isa = PBXFileReference; fileEncoding = 4; lastKnownFileType = sourcecode.cpp.cpp; name = PAIO.cpp; path = CSL/IO/PAIO.cpp; sourceTree = "<group>"; };
		4C3AB33E10597E40006877AE /* PAIO.h */ = {isa = PBXFileReference; fileEncoding = 4; lastKnownFileType = sourcecode.c.h; name = PAIO.h; path = CSL/IO/PAIO.h; sourceTree = "<group>"; };
		4C3AB33F10597E40006877AE /* RemoteIO.cpp */ = {isa = PBXFileReference; fileEncoding = 4; lastKnownFileType = sourcecode.cpp.cpp; name = RemoteIO.cpp; path = CSL/IO/RemoteIO.cpp; sourceTree = "<group>"; };
		4C3AB34010597E40006877AE /* RemoteIO.h */ = {isa = PBXFileReference; fileEncoding = 4; lastKnownFileType = sourcecode.c.h; name = RemoteIO.h; path = CSL/IO/RemoteIO.h; sourceTree = "<group>"; };
		4C3AB34110597E40006877AE /* RemoteStream.cpp */ = {isa = PBXFileReference; fileEncoding = 4; lastKnownFileType = sourcecode.cpp.cpp; name = RemoteStream.cpp; path = CSL/IO/RemoteStream.cpp; sourceTree = "<group>"; };
		4C3AB34210597E40006877AE /* RemoteStream.h */ = {isa = PBXFileReference; fileEncoding = 4; lastKnownFileType = sourcecode.c.h; name = RemoteStream.h; path = CSL/IO/RemoteStream.h; sourceTree = "<group>"; };
		4C3AB34310597E40006877AE /* VSTIO.cpp */ = {isa = PBXFileReference; fileEncoding = 4; lastKnownFileType = sourcecode.cpp.cpp; name = VSTIO.cpp; path = CSL/IO/VSTIO.cpp; sourceTree = "<group>"; };
		4C3AB34410597E40006877AE /* VSTIO.h */ = {isa = PBXFileReference; fileEncoding = 4; lastKnownFileType = sourcecode.c.h; name = VSTIO.h; path = CSL/IO/VSTIO.h; sourceTree = "<group>"; };
		4C45F0BF105A53AA00E1999C /* BinauralDB.cpp */ = {isa = PBXFileReference; fileEncoding = 4; lastKnownFileType = sourcecode.cpp.cpp; path = BinauralDB.cpp; sourceTree = "<group>"; };
		4C45F0C0105A53AA00E1999C /* BinauralDB.h */ = {isa = PBXFileReference; fileEncoding = 4; lastKnownFileType = sourcecode.c.h; path = BinauralDB.h; sourceTree = "<group>"; };
		4C492E240CF62DCE00C0BF2F /* libjucedebug.a */ = {isa = PBXFileReference; lastKnownFileType = archive.ar; name = libjucedebug.a; path = ../../juce/bin/UninstalledProducts/libjucedebug.a; sourceTree = SOURCE_ROOT; };
		4C4B942A0FAA068100B086EE /* QTKit.framework */ = {isa = PBXFileReference; lastKnownFileType = wrapper.framework; name = QTKit.framework; path = /System/Library/Frameworks/QTKit.framework; sourceTree = "<absolute>"; };
		4C4B94300FAA069900B086EE /* DiscRecording.framework */ = {isa = PBXFileReference; lastKnownFileType = wrapper.framework; name = DiscRecording.framework; path = /System/Library/Frameworks/DiscRecording.framework; sourceTree = "<absolute>"; };
		4C4B94360FAA06AB00B086EE /* WebKit.framework */ = {isa = PBXFileReference; lastKnownFileType = wrapper.framework; name = WebKit.framework; path = /System/Library/Frameworks/WebKit.framework; sourceTree = "<absolute>"; };
		4C524E0E0CC83541001E1E27 /* CoreMIDI.framework */ = {isa = PBXFileReference; lastKnownFileType = wrapper.framework; name = CoreMIDI.framework; path = /System/Library/Frameworks/CoreMIDI.framework; sourceTree = "<absolute>"; };
		4C5D9936104DEDF4007CD461 /* FFTReal.cpp */ = {isa = PBXFileReference; fileEncoding = 4; lastKnownFileType = sourcecode.cpp.cpp; name = FFTReal.cpp; path = ../CSL/Utilities/FFTReal.cpp; sourceTree = "<group>"; };
		4C5D9937104DEDF4007CD461 /* FFTReal.h */ = {isa = PBXFileReference; fileEncoding = 4; lastKnownFileType = sourcecode.c.h; name = FFTReal.h; path = ../CSL/Utilities/FFTReal.h; sourceTree = "<group>"; };
		4C5DA333105176FD007CD461 /* SoundFileCA.cpp */ = {isa = PBXFileReference; fileEncoding = 4; lastKnownFileType = sourcecode.cpp.cpp; name = SoundFileCA.cpp; path = CSL/IO/SoundFileCA.cpp; sourceTree = "<group>"; };
		4C5DA334105176FD007CD461 /* SoundFileCA.h */ = {isa = PBXFileReference; fileEncoding = 4; lastKnownFileType = sourcecode.c.h; name = SoundFileCA.h; path = CSL/IO/SoundFileCA.h; sourceTree = "<group>"; };
		4C5DA33610517715007CD461 /* SoundFileL.cpp */ = {isa = PBXFileReference; fileEncoding = 4; lastKnownFileType = sourcecode.cpp.cpp; name = SoundFileL.cpp; path = CSL/IO/SoundFileL.cpp; sourceTree = "<group>"; };
		4C5DA33710517715007CD461 /* SoundFileL.h */ = {isa = PBXFileReference; fileEncoding = 4; lastKnownFileType = sourcecode.c.h; name = SoundFileL.h; path = CSL/IO/SoundFileL.h; sourceTree = "<group>"; };
		4C5DA34A10517A6D007CD461 /* AudioToolbox.framework */ = {isa = PBXFileReference; lastKnownFileType = wrapper.framework; name = AudioToolbox.framework; path = /System/Library/Frameworks/AudioToolbox.framework; sourceTree = "<absolute>"; };
		4C600B220CBDAC8D009787A3 /* IOKit.framework */ = {isa = PBXFileReference; lastKnownFileType = wrapper.framework; name = IOKit.framework; path = /System/Library/Frameworks/IOKit.framework; sourceTree = "<absolute>"; };
		4C65DBC30CF7FF0A00658613 /* Test_Support.h */ = {isa = PBXFileReference; fileEncoding = 4; lastKnownFileType = sourcecode.c.h; path = Test_Support.h; sourceTree = "<group>"; };
		4C904E410CD1807500307D02 /* CSL_Types.h */ = {isa = PBXFileReference; fileEncoding = 30; lastKnownFileType = sourcecode.c.h; path = CSL_Types.h; sourceTree = "<group>"; };
		4C904E420CD1807500307D02 /* CSL_Includes.h */ = {isa = PBXFileReference; fileEncoding = 30; lastKnownFileType = sourcecode.c.h; name = CSL_Includes.h; path = ../CSL/Kernel/CSL_Includes.h; sourceTree = "<group>"; };
		4C904E430CD1807500307D02 /* CSL_Exceptions.h */ = {isa = PBXFileReference; fileEncoding = 30; lastKnownFileType = sourcecode.c.h; path = CSL_Exceptions.h; sourceTree = "<group>"; };
		4C904E440CD1807500307D02 /* CSL_Core.h */ = {isa = PBXFileReference; fileEncoding = 30; lastKnownFileType = sourcecode.c.h; path = CSL_Core.h; sourceTree = "<group>"; };
		4C904E450CD1807500307D02 /* CSL_Core.cpp */ = {isa = PBXFileReference; fileEncoding = 30; lastKnownFileType = sourcecode.cpp.cpp; path = CSL_Core.cpp; sourceTree = "<group>"; };
		4C904E460CD1807500307D02 /* CGestalt.h */ = {isa = PBXFileReference; fileEncoding = 30; lastKnownFileType = sourcecode.c.h; path = CGestalt.h; sourceTree = "<group>"; };
		4C904E470CD1807500307D02 /* CGestalt.cpp */ = {isa = PBXFileReference; fileEncoding = 30; lastKnownFileType = sourcecode.cpp.cpp; path = CGestalt.cpp; sourceTree = "<group>"; };
		4C904E480CD1807500307D02 /* Variable.h */ = {isa = PBXFileReference; fileEncoding = 30; lastKnownFileType = sourcecode.c.h; path = Variable.h; sourceTree = "<group>"; };
		4C904E490CD1807500307D02 /* Variable.cpp */ = {isa = PBXFileReference; fileEncoding = 30; lastKnownFileType = sourcecode.cpp.cpp; path = Variable.cpp; sourceTree = "<group>"; };
		4C904E4A0CD1807500307D02 /* RingBuffer.h */ = {isa = PBXFileReference; fileEncoding = 30; lastKnownFileType = sourcecode.c.h; path = RingBuffer.h; sourceTree = "<group>"; };
		4C904E4B0CD1807500307D02 /* RingBuffer.cpp */ = {isa = PBXFileReference; fileEncoding = 30; lastKnownFileType = sourcecode.cpp.cpp; path = RingBuffer.cpp; sourceTree = "<group>"; };
		4C904E5C0CD1808E00307D02 /* Test_Support.cpp */ = {isa = PBXFileReference; fileEncoding = 30; lastKnownFileType = sourcecode.cpp.cpp; path = Test_Support.cpp; sourceTree = "<group>"; };
		4C904E5E0CD1808E00307D02 /* Test_Oscillators.cpp */ = {isa = PBXFileReference; fileEncoding = 30; lastKnownFileType = sourcecode.cpp.cpp; path = Test_Oscillators.cpp; sourceTree = "<group>"; };
		4C904E5F0CD1808E00307D02 /* Test_Sources.cpp */ = {isa = PBXFileReference; fileEncoding = 30; lastKnownFileType = sourcecode.cpp.cpp; path = Test_Sources.cpp; sourceTree = "<group>"; };
		4C904E600CD1808E00307D02 /* Test_Envelopes.cpp */ = {isa = PBXFileReference; fileEncoding = 30; lastKnownFileType = sourcecode.cpp.cpp; path = Test_Envelopes.cpp; sourceTree = "<group>"; };
		4C904E610CD1808E00307D02 /* Test_Effects.cpp */ = {isa = PBXFileReference; fileEncoding = 30; lastKnownFileType = sourcecode.cpp.cpp; path = Test_Effects.cpp; sourceTree = "<group>"; };
		4C904E620CD1808E00307D02 /* Test_Panners.cpp */ = {isa = PBXFileReference; fileEncoding = 30; lastKnownFileType = sourcecode.cpp.cpp; path = Test_Panners.cpp; sourceTree = "<group>"; };
		4C904E6E0CD1808E00307D02 /* Window.h */ = {isa = PBXFileReference; fileEncoding = 30; lastKnownFileType = sourcecode.c.h; path = Window.h; sourceTree = "<group>"; };
		4C904E6F0CD1808E00307D02 /* Window.cpp */ = {isa = PBXFileReference; fileEncoding = 30; lastKnownFileType = sourcecode.cpp.cpp; path = Window.cpp; sourceTree = "<group>"; };
		4C904E700CD1808E00307D02 /* Envelope.h */ = {isa = PBXFileReference; fileEncoding = 30; lastKnownFileType = sourcecode.c.h; path = Envelope.h; sourceTree = "<group>"; };
		4C904E710CD1808E00307D02 /* Envelope.cpp */ = {isa = PBXFileReference; fileEncoding = 30; lastKnownFileType = sourcecode.cpp.cpp; path = Envelope.cpp; sourceTree = "<group>"; };
		4C904E720CD1808E00307D02 /* Noise.h */ = {isa = PBXFileReference; fileEncoding = 30; lastKnownFileType = sourcecode.c.h; path = Noise.h; sourceTree = "<group>"; };
		4C904E730CD1808E00307D02 /* Noise.cpp */ = {isa = PBXFileReference; fileEncoding = 30; lastKnownFileType = sourcecode.cpp.cpp; path = Noise.cpp; sourceTree = "<group>"; };
		4C904E740CD1808E00307D02 /* SimpleSines.h */ = {isa = PBXFileReference; fileEncoding = 30; lastKnownFileType = sourcecode.c.h; path = SimpleSines.h; sourceTree = "<group>"; };
		4C904E750CD1808E00307D02 /* SimpleSines.cpp */ = {isa = PBXFileReference; fileEncoding = 30; lastKnownFileType = sourcecode.cpp.cpp; path = SimpleSines.cpp; sourceTree = "<group>"; };
		4C904E760CD1808E00307D02 /* Oscillator.h */ = {isa = PBXFileReference; fileEncoding = 30; lastKnownFileType = sourcecode.c.h; path = Oscillator.h; sourceTree = "<group>"; };
		4C904E770CD1808E00307D02 /* Oscillator.cpp */ = {isa = PBXFileReference; fileEncoding = 30; lastKnownFileType = sourcecode.cpp.cpp; path = Oscillator.cpp; sourceTree = "<group>"; };
		4C904E7E0CD1808E00307D02 /* SHARC.h */ = {isa = PBXFileReference; fileEncoding = 30; lastKnownFileType = sourcecode.c.h; path = SHARC.h; sourceTree = "<group>"; };
		4C904E7F0CD1808E00307D02 /* SHARC.cpp */ = {isa = PBXFileReference; fileEncoding = 30; lastKnownFileType = sourcecode.cpp.cpp; path = SHARC.cpp; sourceTree = "<group>"; };
		4C904E800CD1808E00307D02 /* KarplusString.h */ = {isa = PBXFileReference; fileEncoding = 30; lastKnownFileType = sourcecode.c.h; path = KarplusString.h; sourceTree = "<group>"; };
		4C904E810CD1808E00307D02 /* KarplusString.cpp */ = {isa = PBXFileReference; fileEncoding = 30; lastKnownFileType = sourcecode.cpp.cpp; path = KarplusString.cpp; sourceTree = "<group>"; };
		4C904E870CD1808E00307D02 /* BinaryOp.h */ = {isa = PBXFileReference; fileEncoding = 30; lastKnownFileType = sourcecode.c.h; path = BinaryOp.h; sourceTree = "<group>"; };
		4C904E880CD1808E00307D02 /* BinaryOp.cpp */ = {isa = PBXFileReference; fileEncoding = 30; lastKnownFileType = sourcecode.cpp.cpp; path = BinaryOp.cpp; sourceTree = "<group>"; };
		4C904E890CD1808E00307D02 /* Mixer.h */ = {isa = PBXFileReference; fileEncoding = 30; lastKnownFileType = sourcecode.c.h; path = Mixer.h; sourceTree = "<group>"; };
		4C904E8A0CD1808E00307D02 /* Mixer.cpp */ = {isa = PBXFileReference; fileEncoding = 30; lastKnownFileType = sourcecode.cpp.cpp; path = Mixer.cpp; sourceTree = "<group>"; };
		4C904E8D0CD1808E00307D02 /* Filters.h */ = {isa = PBXFileReference; fileEncoding = 30; lastKnownFileType = sourcecode.c.h; path = Filters.h; sourceTree = "<group>"; };
		4C904E8E0CD1808E00307D02 /* Filters.cpp */ = {isa = PBXFileReference; fileEncoding = 30; lastKnownFileType = sourcecode.cpp.cpp; path = Filters.cpp; sourceTree = "<group>"; };
		4C904E8F0CD1808E00307D02 /* FIR.h */ = {isa = PBXFileReference; fileEncoding = 30; lastKnownFileType = sourcecode.c.h; path = FIR.h; sourceTree = "<group>"; };
		4C904E900CD1808E00307D02 /* FIR.cpp */ = {isa = PBXFileReference; fileEncoding = 30; lastKnownFileType = sourcecode.cpp.cpp; path = FIR.cpp; sourceTree = "<group>"; };
		4C904E970CD1808E00307D02 /* Freeverb.h */ = {isa = PBXFileReference; fileEncoding = 30; lastKnownFileType = sourcecode.c.h; path = Freeverb.h; sourceTree = "<group>"; };
		4C904E980CD1808E00307D02 /* Freeverb.cpp */ = {isa = PBXFileReference; fileEncoding = 30; lastKnownFileType = sourcecode.cpp.cpp; path = Freeverb.cpp; sourceTree = "<group>"; };
		4C904F170CD1841500307D02 /* ThreadUtilities.h */ = {isa = PBXFileReference; fileEncoding = 30; lastKnownFileType = sourcecode.c.h; path = ThreadUtilities.h; sourceTree = "<group>"; };
		4C904F180CD1841500307D02 /* ThreadUtilities.cpp */ = {isa = PBXFileReference; fileEncoding = 30; lastKnownFileType = sourcecode.cpp.cpp; path = ThreadUtilities.cpp; sourceTree = "<group>"; };
		4C904F1B0CD1841500307D02 /* BlockResizer.h */ = {isa = PBXFileReference; fileEncoding = 30; lastKnownFileType = sourcecode.c.h; path = BlockResizer.h; sourceTree = "<group>"; };
		4C904F1C0CD1841500307D02 /* BlockResizer.cpp */ = {isa = PBXFileReference; fileEncoding = 30; lastKnownFileType = sourcecode.cpp.cpp; path = BlockResizer.cpp; sourceTree = "<group>"; };
		4C904F1D0CD1841500307D02 /* CPoint.h */ = {isa = PBXFileReference; fileEncoding = 30; lastKnownFileType = sourcecode.c.h; name = CPoint.h; path = ../CSL/Utilities/CPoint.h; sourceTree = "<group>"; };
		4C904F1E0CD1841500307D02 /* CPoint.cpp */ = {isa = PBXFileReference; fileEncoding = 30; lastKnownFileType = sourcecode.cpp.cpp; name = CPoint.cpp; path = ../CSL/Utilities/CPoint.cpp; sourceTree = "<group>"; };
		4C904F280CD1842900307D02 /* Accessor.h */ = {isa = PBXFileReference; fileEncoding = 30; lastKnownFileType = sourcecode.c.h; path = Accessor.h; sourceTree = "<group>"; };
		4C904F290CD1842900307D02 /* Instrument.h */ = {isa = PBXFileReference; fileEncoding = 30; lastKnownFileType = sourcecode.c.h; path = Instrument.h; sourceTree = "<group>"; };
		4C904F2A0CD1842900307D02 /* Instrument.cpp */ = {isa = PBXFileReference; fileEncoding = 30; lastKnownFileType = sourcecode.cpp.cpp; path = Instrument.cpp; sourceTree = "<group>"; };
		4C904F2B0CD1842900307D02 /* BasicFMInstrument.h */ = {isa = PBXFileReference; fileEncoding = 30; lastKnownFileType = sourcecode.c.h; path = BasicFMInstrument.h; sourceTree = "<group>"; };
		4C904F2C0CD1842900307D02 /* BasicFMInstrument.cpp */ = {isa = PBXFileReference; fileEncoding = 30; lastKnownFileType = sourcecode.cpp.cpp; path = BasicFMInstrument.cpp; sourceTree = "<group>"; };
		4C904F2D0CD1842900307D02 /* SndFileInstrument.h */ = {isa = PBXFileReference; fileEncoding = 30; lastKnownFileType = sourcecode.c.h; path = SndFileInstrument.h; sourceTree = "<group>"; };
		4C904F2E0CD1842900307D02 /* SndFileInstrument.cpp */ = {isa = PBXFileReference; fileEncoding = 30; lastKnownFileType = sourcecode.cpp.cpp; path = SndFileInstrument.cpp; sourceTree = "<group>"; };
		4C9DA249103F06D3007025BB /* matrix.h */ = {isa = PBXFileReference; fileEncoding = 4; lastKnownFileType = sourcecode.c.h; name = matrix.h; path = ../CSL/Spatializers/matrix.h; sourceTree = "<group>"; };
		4C9DA24A103F06D3007025BB /* SpeakerLayout.h */ = {isa = PBXFileReference; fileEncoding = 4; lastKnownFileType = sourcecode.c.h; path = SpeakerLayout.h; sourceTree = "<group>"; };
		4C9DA24B103F06D3007025BB /* SpeakerLayout.cpp */ = {isa = PBXFileReference; fileEncoding = 4; lastKnownFileType = sourcecode.cpp.cpp; path = SpeakerLayout.cpp; sourceTree = "<group>"; };
		4C9DA24C103F06D3007025BB /* SpatialSource.h */ = {isa = PBXFileReference; fileEncoding = 4; lastKnownFileType = sourcecode.c.h; path = SpatialSource.h; sourceTree = "<group>"; };
		4C9DA24D103F06D3007025BB /* SpatialSource.cpp */ = {isa = PBXFileReference; fileEncoding = 4; lastKnownFileType = sourcecode.cpp.cpp; path = SpatialSource.cpp; sourceTree = "<group>"; };
		4C9DA24E103F06D3007025BB /* SpatialAudio.h */ = {isa = PBXFileReference; fileEncoding = 4; lastKnownFileType = sourcecode.c.h; path = SpatialAudio.h; sourceTree = "<group>"; };
		4C9DA24F103F06D3007025BB /* SpatialAudio.cpp */ = {isa = PBXFileReference; fileEncoding = 4; lastKnownFileType = sourcecode.cpp.cpp; path = SpatialAudio.cpp; sourceTree = "<group>"; };
		4C9DA250103F06D3007025BB /* SpatialPanner.h */ = {isa = PBXFileReference; fileEncoding = 4; lastKnownFileType = sourcecode.c.h; path = SpatialPanner.h; sourceTree = "<group>"; };
		4C9DA251103F06D3007025BB /* SpatialPanner.cpp */ = {isa = PBXFileReference; fileEncoding = 4; lastKnownFileType = sourcecode.cpp.cpp; path = SpatialPanner.cpp; sourceTree = "<group>"; };
		4C9DA252103F06D3007025BB /* DistanceSimulator.h */ = {isa = PBXFileReference; fileEncoding = 4; lastKnownFileType = sourcecode.c.h; path = DistanceSimulator.h; sourceTree = "<group>"; };
		4C9DA253103F06D3007025BB /* DistanceSimulator.cpp */ = {isa = PBXFileReference; fileEncoding = 4; lastKnownFileType = sourcecode.cpp.cpp; path = DistanceSimulator.cpp; sourceTree = "<group>"; };
		4C9DA254103F06D3007025BB /* 4thFloorSpeakers.dat */ = {isa = PBXFileReference; fileEncoding = 4; lastKnownFileType = text; path = 4thFloorSpeakers.dat; sourceTree = "<group>"; };
		4C9DA255103F06D3007025BB /* Speaker_layout.dat */ = {isa = PBXFileReference; fileEncoding = 4; lastKnownFileType = text; path = Speaker_layout.dat; sourceTree = "<group>"; };
		4C9DA257103F06D3007025BB /* Ambisonic.h */ = {isa = PBXFileReference; fileEncoding = 4; lastKnownFileType = sourcecode.c.h; path = Ambisonic.h; sourceTree = "<group>"; };
		4C9DA258103F06D3007025BB /* Ambisonic.cpp */ = {isa = PBXFileReference; fileEncoding = 4; lastKnownFileType = sourcecode.cpp.cpp; path = Ambisonic.cpp; sourceTree = "<group>"; };
		4C9DA259103F06D3007025BB /* AmbisonicPanner.h */ = {isa = PBXFileReference; fileEncoding = 4; lastKnownFileType = sourcecode.c.h; path = AmbisonicPanner.h; sourceTree = "<group>"; };
		4C9DA25A103F06D3007025BB /* AmbisonicPanner.cpp */ = {isa = PBXFileReference; fileEncoding = 4; lastKnownFileType = sourcecode.cpp.cpp; path = AmbisonicPanner.cpp; sourceTree = "<group>"; };
		4C9DA25B103F06D3007025BB /* AmbisonicUtilities.h */ = {isa = PBXFileReference; fileEncoding = 4; lastKnownFileType = sourcecode.c.h; path = AmbisonicUtilities.h; sourceTree = "<group>"; };
		4C9DA25C103F06D3007025BB /* AmbisonicUtilities.cpp */ = {isa = PBXFileReference; fileEncoding = 4; lastKnownFileType = sourcecode.cpp.cpp; path = AmbisonicUtilities.cpp; sourceTree = "<group>"; };
		4C9DA260103F06D3007025BB /* Binaural.h */ = {isa = PBXFileReference; fileEncoding = 4; lastKnownFileType = sourcecode.c.h; path = Binaural.h; sourceTree = "<group>"; };
		4C9DA261103F06D3007025BB /* Binaural.cpp */ = {isa = PBXFileReference; fileEncoding = 4; lastKnownFileType = sourcecode.cpp.cpp; path = Binaural.cpp; sourceTree = "<group>"; };
		4C9DA263103F06D3007025BB /* PME.h */ = {isa = PBXFileReference; fileEncoding = 4; lastKnownFileType = sourcecode.c.h; name = PME.h; path = VBAP/PME.h; sourceTree = "<group>"; };
		4C9DA264103F06D3007025BB /* PME.cpp */ = {isa = PBXFileReference; fileEncoding = 4; lastKnownFileType = sourcecode.cpp.cpp; name = PME.cpp; path = VBAP/PME.cpp; sourceTree = "<group>"; };
		4C9DA265103F06D3007025BB /* PracticalSocket.h */ = {isa = PBXFileReference; fileEncoding = 4; lastKnownFileType = sourcecode.c.h; name = PracticalSocket.h; path = VBAP/PracticalSocket.h; sourceTree = "<group>"; };
		4C9DA266103F06D3007025BB /* PracticalSocket.cpp */ = {isa = PBXFileReference; fileEncoding = 4; lastKnownFileType = sourcecode.cpp.cpp; name = PracticalSocket.cpp; path = VBAP/PracticalSocket.cpp; sourceTree = "<group>"; };
		4C9DA267103F06D3007025BB /* VBAP.h */ = {isa = PBXFileReference; fileEncoding = 4; lastKnownFileType = sourcecode.c.h; name = VBAP.h; path = VBAP/VBAP.h; sourceTree = "<group>"; };
		4C9DA268103F06D3007025BB /* VBAP.cpp */ = {isa = PBXFileReference; fileEncoding = 4; lastKnownFileType = sourcecode.cpp.cpp; name = VBAP.cpp; path = VBAP/VBAP.cpp; sourceTree = "<group>"; };
		4C9F34671076DAFD00C90714 /* MIDIIOJ.cpp */ = {isa = PBXFileReference; fileEncoding = 4; lastKnownFileType = sourcecode.cpp.cpp; path = MIDIIOJ.cpp; sourceTree = "<group>"; };
		4C9F34681076DAFD00C90714 /* MIDIIOJ.h */ = {isa = PBXFileReference; fileEncoding = 4; lastKnownFileType = sourcecode.c.h; path = MIDIIOJ.h; sourceTree = "<group>"; };
		4CC43444107AB39600AE02E9 /* OSC_support.cpp */ = {isa = PBXFileReference; fileEncoding = 4; lastKnownFileType = sourcecode.cpp.cpp; path = OSC_support.cpp; sourceTree = "<group>"; };
		4CC43445107AB39600AE02E9 /* OSC_support.h */ = {isa = PBXFileReference; fileEncoding = 4; lastKnownFileType = sourcecode.c.h; path = OSC_support.h; sourceTree = "<group>"; };
		4CCF1C610F1819A9004C3920 /* Spectral.cpp */ = {isa = PBXFileReference; fileEncoding = 4; lastKnownFileType = sourcecode.cpp.cpp; path = Spectral.cpp; sourceTree = "<group>"; };
		4CCF1C620F1819A9004C3920 /* Spectral.h */ = {isa = PBXFileReference; fileEncoding = 4; lastKnownFileType = sourcecode.c.h; path = Spectral.h; sourceTree = "<group>"; };
		4CCF1CEE0F182085004C3920 /* CoreFoundation.framework */ = {isa = PBXFileReference; lastKnownFileType = wrapper.framework; name = CoreFoundation.framework; path = /System/Library/Frameworks/CoreFoundation.framework; sourceTree = "<absolute>"; };
		4CCF1E8B0F182123004C3920 /* Cocoa.framework */ = {isa = PBXFileReference; lastKnownFileType = wrapper.framework; name = Cocoa.framework; path = /System/Library/Frameworks/Cocoa.framework; sourceTree = "<absolute>"; };
		4CCF1E9F0F182134004C3920 /* OpenGL.framework */ = {isa = PBXFileReference; lastKnownFileType = wrapper.framework; name = OpenGL.framework; path = /System/Library/Frameworks/OpenGL.framework; sourceTree = "<absolute>"; };
		4CD021650CD2B5C3003CC9F3 /* Clipper.cpp */ = {isa = PBXFileReference; fileEncoding = 30; lastKnownFileType = sourcecode.cpp.cpp; path = Clipper.cpp; sourceTree = "<group>"; };
		4CD021660CD2B5C3003CC9F3 /* Clipper.h */ = {isa = PBXFileReference; fileEncoding = 30; lastKnownFileType = sourcecode.c.h; path = Clipper.h; sourceTree = "<group>"; };
		4CD021840CD2B866003CC9F3 /* InOut.cpp */ = {isa = PBXFileReference; fileEncoding = 30; lastKnownFileType = sourcecode.cpp.cpp; path = InOut.cpp; sourceTree = "<group>"; };
		4CD021850CD2B866003CC9F3 /* InOut.h */ = {isa = PBXFileReference; fileEncoding = 30; lastKnownFileType = sourcecode.c.h; path = InOut.h; sourceTree = "<group>"; };
		4CF108B60FF45B3900F42670 /* FileIO.cpp */ = {isa = PBXFileReference; fileEncoding = 4; lastKnownFileType = sourcecode.cpp.cpp; path = FileIO.cpp; sourceTree = "<group>"; };
		4CF108B70FF45B3900F42670 /* FileIO.h */ = {isa = PBXFileReference; fileEncoding = 4; lastKnownFileType = sourcecode.c.h; path = FileIO.h; sourceTree = "<group>"; };
		4CF402AE1048CD340023930D /* SoundFile.h */ = {isa = PBXFileReference; fileEncoding = 4; lastKnownFileType = sourcecode.c.h; path = SoundFile.h; sourceTree = "<group>"; };
		4CF402AF1048CD500023930D /* SoundFile.cpp */ = {isa = PBXFileReference; fileEncoding = 4; lastKnownFileType = sourcecode.cpp.cpp; path = SoundFile.cpp; sourceTree = "<group>"; };
		4CF4068A104A60F10023930D /* FFT_Wrapper.cpp */ = {isa = PBXFileReference; fileEncoding = 4; lastKnownFileType = sourcecode.cpp.cpp; name = FFT_Wrapper.cpp; path = ../CSL/Utilities/FFT_Wrapper.cpp; sourceTree = "<group>"; };
		4CF4068B104A60F10023930D /* FFT_Wrapper.h */ = {isa = PBXFileReference; fileEncoding = 4; lastKnownFileType = sourcecode.c.h; name = FFT_Wrapper.h; path = ../CSL/Utilities/FFT_Wrapper.h; sourceTree = "<group>"; };
		4CF624F11082E9A90045BBD9 /* CSL_ServerComponent.cpp */ = {isa = PBXFileReference; fileEncoding = 4; lastKnownFileType = sourcecode.cpp.cpp; path = CSL_ServerComponent.cpp; sourceTree = "<group>"; };
		4CF624F21082E9A90045BBD9 /* CSL_ServerComponent.h */ = {isa = PBXFileReference; fileEncoding = 4; lastKnownFileType = sourcecode.c.h; path = CSL_ServerComponent.h; sourceTree = "<group>"; };
		4CF625151082E9E70045BBD9 /* MainServer.cpp */ = {isa = PBXFileReference; fileEncoding = 4; lastKnownFileType = sourcecode.cpp.cpp; path = MainServer.cpp; sourceTree = "<group>"; };
		4CF625F7108305770045BBD9 /* InfoServer.plist */ = {isa = PBXFileReference; fileEncoding = 4; lastKnownFileType = text.plist.xml; path = InfoServer.plist; sourceTree = "<group>"; };
		4CF626681083B1160045BBD9 /* English */ = {isa = PBXFileReference; fileEncoding = 4; lastKnownFileType = text.plist.strings; name = English; path = English.lproj/InfoPlistServer.strings; sourceTree = "<group>"; };
		4CF626711083B17E0045BBD9 /* ThingsToDo */ = {isa = PBXFileReference; fileEncoding = 4; lastKnownFileType = text; name = ThingsToDo; path = ../Doc/ThingsToDo; sourceTree = SOURCE_ROOT; };
		84078F3D09E6B42E004E7BCD /* AGL.framework */ = {isa = PBXFileReference; lastKnownFileType = wrapper.framework; name = AGL.framework; path = /System/Library/Frameworks/AGL.framework; sourceTree = "<absolute>"; };
		8407902A09E6B5BD004E7BCD /* QuickTime.framework */ = {isa = PBXFileReference; lastKnownFileType = wrapper.framework; name = QuickTime.framework; path = /System/Library/Frameworks/QuickTime.framework; sourceTree = "<absolute>"; };
		84F30CEC08FEAD7A0087E26C /* CoreAudio.framework */ = {isa = PBXFileReference; lastKnownFileType = wrapper.framework; name = CoreAudio.framework; path = /System/Library/Frameworks/CoreAudio.framework; sourceTree = "<absolute>"; };
		8D0C4E970486CD37000505A6 /* CSL_Server.app */ = {isa = PBXFileReference; explicitFileType = wrapper.application; includeInIndex = 0; path = CSL_Server.app; sourceTree = BUILT_PRODUCTS_DIR; };
/* End PBXFileReference section */

/* Begin PBXFrameworksBuildPhase section */
		8D0C4E910486CD37000505A6 /* Frameworks */ = {
			isa = PBXFrameworksBuildPhase;
			buildActionMask = 2147483647;
			files = (
				8D0C4E920486CD37000505A6 /* Carbon.framework in Frameworks */,
				84F30CED08FEAD7A0087E26C /* CoreAudio.framework in Frameworks */,
				84078F3E09E6B42E004E7BCD /* AGL.framework in Frameworks */,
				8407902B09E6B5BD004E7BCD /* QuickTime.framework in Frameworks */,
				4C600B230CBDAC8D009787A3 /* IOKit.framework in Frameworks */,
				4C524E0F0CC83541001E1E27 /* CoreMIDI.framework in Frameworks */,
				4C492E250CF62DCE00C0BF2F /* libjucedebug.a in Frameworks */,
				4CCF1CF00F182085004C3920 /* CoreFoundation.framework in Frameworks */,
				4CCF1E8D0F182123004C3920 /* Cocoa.framework in Frameworks */,
				4CCF1EA10F182134004C3920 /* OpenGL.framework in Frameworks */,
				4C4B942C0FAA068100B086EE /* QTKit.framework in Frameworks */,
				4C4B94320FAA069900B086EE /* DiscRecording.framework in Frameworks */,
				4C4B94380FAA06AB00B086EE /* WebKit.framework in Frameworks */,
				4C5DA34B10517A6D007CD461 /* AudioToolbox.framework in Frameworks */,
				4C1081E2108255DE00A34A15 /* liblo.dylib in Frameworks */,
			);
			runOnlyForDeploymentPostprocessing = 0;
		};
/* End PBXFrameworksBuildPhase section */

/* Begin PBXGroup section */
		195DF8CFFE9D517E11CA2CBB /* Products */ = {
			isa = PBXGroup;
			children = (
				8D0C4E970486CD37000505A6 /* CSL_Server.app */,
			);
			name = Products;
			sourceTree = "<group>";
		};
		20286C29FDCF999611CA2CEA /* juce_application */ = {
			isa = PBXGroup;
			children = (
				4C904E320CD1805900307D02 /* CSL */,
				4C1081E8108256DB00A34A15 /* Documentation */,
				20286C2CFDCF999611CA2CEA /* Resources */,
				20286C32FDCF999611CA2CEA /* External Frameworks and Libraries */,
				195DF8CFFE9D517E11CA2CBB /* Products */,
			);
			name = juce_application;
			sourceTree = "<group>";
		};
		20286C2AFDCF999611CA2CEA /* JUCE */ = {
			isa = PBXGroup;
			children = (
				4CF624F21082E9A90045BBD9 /* CSL_ServerComponent.h */,
				4CF624F11082E9A90045BBD9 /* CSL_ServerComponent.cpp */,
				4CF625151082E9E70045BBD9 /* MainServer.cpp */,
			);
			path = JUCE;
			sourceTree = "<group>";
		};
		20286C2CFDCF999611CA2CEA /* Resources */ = {
			isa = PBXGroup;
			children = (
				4CF626671083B1160045BBD9 /* InfoPlistServer.strings */,
				4CF625F7108305770045BBD9 /* InfoServer.plist */,
			);
			name = Resources;
			sourceTree = "<group>";
		};
		20286C32FDCF999611CA2CEA /* External Frameworks and Libraries */ = {
			isa = PBXGroup;
			children = (
				4C492E240CF62DCE00C0BF2F /* libjucedebug.a */,
				4C1081E1108255DE00A34A15 /* liblo.dylib */,
				4CCF1CEE0F182085004C3920 /* CoreFoundation.framework */,
				4A9504C8FFE6A3BC11CA0CBA /* ApplicationServices.framework */,
				4A9504CAFFE6A41611CA0CBA /* CoreServices.framework */,
				4CCF1E8B0F182123004C3920 /* Cocoa.framework */,
				4C524E0E0CC83541001E1E27 /* CoreMIDI.framework */,
				20286C33FDCF999611CA2CEA /* Carbon.framework */,
				84F30CEC08FEAD7A0087E26C /* CoreAudio.framework */,
				4C5DA34A10517A6D007CD461 /* AudioToolbox.framework */,
				84078F3D09E6B42E004E7BCD /* AGL.framework */,
				8407902A09E6B5BD004E7BCD /* QuickTime.framework */,
				4CCF1E9F0F182134004C3920 /* OpenGL.framework */,
				4C4B94360FAA06AB00B086EE /* WebKit.framework */,
				4C4B94300FAA069900B086EE /* DiscRecording.framework */,
				4C4B942A0FAA068100B086EE /* QTKit.framework */,
				4C600B220CBDAC8D009787A3 /* IOKit.framework */,
			);
			name = "External Frameworks and Libraries";
			sourceTree = "<group>";
		};
		4C1081E8108256DB00A34A15 /* Documentation */ = {
			isa = PBXGroup;
			children = (
				4C1081F0108256F500A34A15 /* README */,
				4C1081EF108256F500A34A15 /* COPYRIGHT */,
				4CF626711083B17E0045BBD9 /* ThingsToDo */,
			);
			name = Documentation;
			sourceTree = "<group>";
		};
		4C3AB31410597CF7006877AE /* Support */ = {
			isa = PBXGroup;
			children = (
				4C904E420CD1807500307D02 /* CSL_Includes.h */,
				4CF4068B104A60F10023930D /* FFT_Wrapper.h */,
				4CF4068A104A60F10023930D /* FFT_Wrapper.cpp */,
				4C5D9937104DEDF4007CD461 /* FFTReal.h */,
				4C5D9936104DEDF4007CD461 /* FFTReal.cpp */,
				4C904F1D0CD1841500307D02 /* CPoint.h */,
				4C904F1E0CD1841500307D02 /* CPoint.cpp */,
				4C9DA249103F06D3007025BB /* matrix.h */,
			);
			name = Support;
			path = JUCE;
			sourceTree = "<group>";
		};
		4C904E320CD1805900307D02 /* CSL */ = {
			isa = PBXGroup;
			children = (
				4C904E400CD1807500307D02 /* Kernel */,
				4C904F150CD1841500307D02 /* Utilities */,
				4C3AB31410597CF7006877AE /* Support */,
				4C904E5A0CD1808E00307D02 /* Tests */,
				4C904E6D0CD1808E00307D02 /* Sources */,
				4C904E860CD1808E00307D02 /* Effects */,
				4C904F270CD1842800307D02 /* Instruments */,
				4C904EDC0CD1818900307D02 /* IO */,
				4C9F351410770CE000C90714 /* IO2 */,
				4C9DA247103F06D3007025BB /* Spatializers */,
				20286C2AFDCF999611CA2CEA /* JUCE */,
			);
			name = CSL;
			path = ..;
			sourceTree = "<group>";
		};
		4C904E400CD1807500307D02 /* Kernel */ = {
			isa = PBXGroup;
			children = (
				4C904E410CD1807500307D02 /* CSL_Types.h */,
				4C904E430CD1807500307D02 /* CSL_Exceptions.h */,
				4C904E440CD1807500307D02 /* CSL_Core.h */,
				4C904E450CD1807500307D02 /* CSL_Core.cpp */,
				4C904E460CD1807500307D02 /* CGestalt.h */,
				4C904E470CD1807500307D02 /* CGestalt.cpp */,
			);
			name = Kernel;
			path = CSL/Kernel;
			sourceTree = "<group>";
		};
		4C904E5A0CD1808E00307D02 /* Tests */ = {
			isa = PBXGroup;
			children = (
				4C65DBC30CF7FF0A00658613 /* Test_Support.h */,
				4C904E5C0CD1808E00307D02 /* Test_Support.cpp */,
				4C904E5E0CD1808E00307D02 /* Test_Oscillators.cpp */,
				4C904E5F0CD1808E00307D02 /* Test_Sources.cpp */,
				4C904E600CD1808E00307D02 /* Test_Envelopes.cpp */,
				4C904E610CD1808E00307D02 /* Test_Effects.cpp */,
				4C904E620CD1808E00307D02 /* Test_Panners.cpp */,
				4C07224710704994007D4013 /* Test_Control.cpp */,
				4C196A0410815D7100EE476C /* Test_OSC_Client.cpp */,
			);
			name = Tests;
			path = CSL/Tests;
			sourceTree = "<group>";
		};
		4C904E6D0CD1808E00307D02 /* Sources */ = {
			isa = PBXGroup;
			children = (
				4C904E6E0CD1808E00307D02 /* Window.h */,
				4C904E6F0CD1808E00307D02 /* Window.cpp */,
				4C904E700CD1808E00307D02 /* Envelope.h */,
				4C904E710CD1808E00307D02 /* Envelope.cpp */,
				4C904E720CD1808E00307D02 /* Noise.h */,
				4C904E730CD1808E00307D02 /* Noise.cpp */,
				4C904E740CD1808E00307D02 /* SimpleSines.h */,
				4C904E750CD1808E00307D02 /* SimpleSines.cpp */,
				4C904E760CD1808E00307D02 /* Oscillator.h */,
				4C904E770CD1808E00307D02 /* Oscillator.cpp */,
				4CCF1C620F1819A9004C3920 /* Spectral.h */,
				4CCF1C610F1819A9004C3920 /* Spectral.cpp */,
				4C904E7E0CD1808E00307D02 /* SHARC.h */,
				4C904E7F0CD1808E00307D02 /* SHARC.cpp */,
				4C904E800CD1808E00307D02 /* KarplusString.h */,
				4C904E810CD1808E00307D02 /* KarplusString.cpp */,
				4C3AB31E10597D6A006877AE /* Granulator.h */,
				4C3AB31D10597D6A006877AE /* Granulator.cpp */,
				4C3AB32010597D6A006877AE /* Lorenz.h */,
				4C3AB31F10597D6A006877AE /* Lorenz.cpp */,
				4C3AB32210597D6A006877AE /* OscillatorBL.h */,
				4C3AB32110597D6A006877AE /* OscillatorBL.cpp */,
				4C3AB32410597D6A006877AE /* WaveShaper.h */,
				4C3AB32310597D6A006877AE /* WaveShaper.cpp */,
			);
			name = Sources;
			path = CSL/Sources;
			sourceTree = "<group>";
		};
		4C904E860CD1808E00307D02 /* Effects */ = {
			isa = PBXGroup;
			children = (
				4C904E870CD1808E00307D02 /* BinaryOp.h */,
				4C904E880CD1808E00307D02 /* BinaryOp.cpp */,
				4C904E890CD1808E00307D02 /* Mixer.h */,
				4C904E8A0CD1808E00307D02 /* Mixer.cpp */,
				4C904E8D0CD1808E00307D02 /* Filters.h */,
				4C904E8E0CD1808E00307D02 /* Filters.cpp */,
				4C904E8F0CD1808E00307D02 /* FIR.h */,
				4C904E900CD1808E00307D02 /* FIR.cpp */,
				4C904E970CD1808E00307D02 /* Freeverb.h */,
				4C904E980CD1808E00307D02 /* Freeverb.cpp */,
				4CD021850CD2B866003CC9F3 /* InOut.h */,
				4CD021840CD2B866003CC9F3 /* InOut.cpp */,
				4CD021660CD2B5C3003CC9F3 /* Clipper.h */,
				4CD021650CD2B5C3003CC9F3 /* Clipper.cpp */,
			);
			name = Effects;
			path = CSL/Processors;
			sourceTree = "<group>";
		};
		4C904EDC0CD1818900307D02 /* IO */ = {
			isa = PBXGroup;
			children = (
				4CF108B70FF45B3900F42670 /* FileIO.h */,
				4CF108B60FF45B3900F42670 /* FileIO.cpp */,
				4CF402AE1048CD340023930D /* SoundFile.h */,
				4CF402AF1048CD500023930D /* SoundFile.cpp */,
				4C0BF9E710071C8F0006F064 /* SoundFileJ.h */,
				4C0BF9E610071C8F0006F064 /* SoundFileJ.cpp */,
				4C9F34681076DAFD00C90714 /* MIDIIOJ.h */,
				4C9F34671076DAFD00C90714 /* MIDIIOJ.cpp */,
				4CC43445107AB39600AE02E9 /* OSC_support.h */,
				4CC43444107AB39600AE02E9 /* OSC_support.cpp */,
			);
			name = IO;
			path = CSL/IO;
			sourceTree = "<group>";
		};
		4C904F150CD1841500307D02 /* Utilities */ = {
			isa = PBXGroup;
			children = (
				4C904E480CD1807500307D02 /* Variable.h */,
				4C904E490CD1807500307D02 /* Variable.cpp */,
				4C904E4A0CD1807500307D02 /* RingBuffer.h */,
				4C904E4B0CD1807500307D02 /* RingBuffer.cpp */,
				4C904F170CD1841500307D02 /* ThreadUtilities.h */,
				4C904F180CD1841500307D02 /* ThreadUtilities.cpp */,
				4C904F1B0CD1841500307D02 /* BlockResizer.h */,
				4C904F1C0CD1841500307D02 /* BlockResizer.cpp */,
			);
			name = Utilities;
			path = CSL/Utilities;
			sourceTree = "<group>";
		};
		4C904F270CD1842800307D02 /* Instruments */ = {
			isa = PBXGroup;
			children = (
				4C904F280CD1842900307D02 /* Accessor.h */,
				4C904F290CD1842900307D02 /* Instrument.h */,
				4C904F2A0CD1842900307D02 /* Instrument.cpp */,
				4C904F2B0CD1842900307D02 /* BasicFMInstrument.h */,
				4C904F2C0CD1842900307D02 /* BasicFMInstrument.cpp */,
				4C904F2D0CD1842900307D02 /* SndFileInstrument.h */,
				4C904F2E0CD1842900307D02 /* SndFileInstrument.cpp */,
				4C3AB33410597E06006877AE /* AdditiveInstrument.h */,
				4C3AB33310597E06006877AE /* AdditiveInstrument.cpp */,
				4C3AB33610597E06006877AE /* WhiteNoiseInstrument.h */,
				4C3AB33510597E06006877AE /* WhiteNoiseInstrument.cpp */,
			);
			name = Instruments;
			path = CSL/Instruments;
			sourceTree = "<group>";
		};
		4C9DA247103F06D3007025BB /* Spatializers */ = {
			isa = PBXGroup;
			children = (
				4C9DA248103F06D3007025BB /* Kernel */,
				4C9DA262103F06D3007025BB /* VBAP */,
				4C9DA256103F06D3007025BB /* Ambisonic */,
				4C9DA25F103F06D3007025BB /* Binaural */,
			);
			name = Spatializers;
			path = CSL/Spatializers;
			sourceTree = "<group>";
		};
		4C9DA248103F06D3007025BB /* Kernel */ = {
			isa = PBXGroup;
			children = (
				4C9DA24A103F06D3007025BB /* SpeakerLayout.h */,
				4C9DA24B103F06D3007025BB /* SpeakerLayout.cpp */,
				4C9DA24C103F06D3007025BB /* SpatialSource.h */,
				4C9DA24D103F06D3007025BB /* SpatialSource.cpp */,
				4C9DA24E103F06D3007025BB /* SpatialAudio.h */,
				4C9DA24F103F06D3007025BB /* SpatialAudio.cpp */,
				4C9DA250103F06D3007025BB /* SpatialPanner.h */,
				4C9DA251103F06D3007025BB /* SpatialPanner.cpp */,
				4C9DA252103F06D3007025BB /* DistanceSimulator.h */,
				4C9DA253103F06D3007025BB /* DistanceSimulator.cpp */,
				4C9DA254103F06D3007025BB /* 4thFloorSpeakers.dat */,
				4C9DA255103F06D3007025BB /* Speaker_layout.dat */,
			);
			name = Kernel;
			sourceTree = "<group>";
		};
		4C9DA256103F06D3007025BB /* Ambisonic */ = {
			isa = PBXGroup;
			children = (
				4C9DA257103F06D3007025BB /* Ambisonic.h */,
				4C9DA258103F06D3007025BB /* Ambisonic.cpp */,
				4C9DA259103F06D3007025BB /* AmbisonicPanner.h */,
				4C9DA25A103F06D3007025BB /* AmbisonicPanner.cpp */,
				4C9DA25B103F06D3007025BB /* AmbisonicUtilities.h */,
				4C9DA25C103F06D3007025BB /* AmbisonicUtilities.cpp */,
			);
			path = Ambisonic;
			sourceTree = "<group>";
		};
		4C9DA25F103F06D3007025BB /* Binaural */ = {
			isa = PBXGroup;
			children = (
				4C45F0C0105A53AA00E1999C /* BinauralDB.h */,
				4C45F0BF105A53AA00E1999C /* BinauralDB.cpp */,
				4C9DA260103F06D3007025BB /* Binaural.h */,
				4C9DA261103F06D3007025BB /* Binaural.cpp */,
			);
			path = Binaural;
			sourceTree = "<group>";
		};
		4C9DA262103F06D3007025BB /* VBAP */ = {
			isa = PBXGroup;
			children = (
				4C9DA263103F06D3007025BB /* PME.h */,
				4C9DA264103F06D3007025BB /* PME.cpp */,
				4C9DA265103F06D3007025BB /* PracticalSocket.h */,
				4C9DA266103F06D3007025BB /* PracticalSocket.cpp */,
				4C9DA267103F06D3007025BB /* VBAP.h */,
				4C9DA268103F06D3007025BB /* VBAP.cpp */,
			);
			name = VBAP;
			sourceTree = "<group>";
		};
		4C9F351410770CE000C90714 /* IO2 */ = {
			isa = PBXGroup;
			children = (
				4C5DA33710517715007CD461 /* SoundFileL.h */,
				4C5DA33610517715007CD461 /* SoundFileL.cpp */,
				4C5DA334105176FD007CD461 /* SoundFileCA.h */,
				4C5DA333105176FD007CD461 /* SoundFileCA.cpp */,
				4C3AB33E10597E40006877AE /* PAIO.h */,
				4C3AB33D10597E40006877AE /* PAIO.cpp */,
				4C37531E0FE0A14B004E1EFE /* JUCEIO.h */,
				4C37531D0FE0A14B004E1EFE /* JUCEIO.cpp */,
				4C3AB34410597E40006877AE /* VSTIO.h */,
				4C3AB34310597E40006877AE /* VSTIO.cpp */,
				4C3AB33810597E40006877AE /* JackIO.h */,
				4C3AB33710597E40006877AE /* JackIO.cpp */,
				4C3AB33C10597E40006877AE /* NullIO.h */,
				4C3AB33B10597E40006877AE /* NullIO.cpp */,
				4C3AB34010597E40006877AE /* RemoteIO.h */,
				4C3AB33F10597E40006877AE /* RemoteIO.cpp */,
				4C3AB34210597E40006877AE /* RemoteStream.h */,
				4C3AB34110597E40006877AE /* RemoteStream.cpp */,
			);
			name = IO2;
			sourceTree = "<group>";
		};
/* End PBXGroup section */

/* Begin PBXNativeTarget section */
		8D0C4E890486CD37000505A6 /* CSL_Server */ = {
			isa = PBXNativeTarget;
			buildConfigurationList = 84F30CBF08FEAA620087E26C /* Build configuration list for PBXNativeTarget "CSL_Server" */;
			buildPhases = (
				8D0C4E8C0486CD37000505A6 /* Resources */,
				8D0C4E8F0486CD37000505A6 /* Sources */,
				8D0C4E910486CD37000505A6 /* Frameworks */,
			);
			buildRules = (
			);
			dependencies = (
			);
			name = CSL_Server;
			productInstallPath = "$(HOME)/Applications";
			productName = juce_application;
			productReference = 8D0C4E970486CD37000505A6 /* CSL_Server.app */;
			productType = "com.apple.product-type.application";
		};
/* End PBXNativeTarget section */

/* Begin PBXProject section */
		20286C28FDCF999611CA2CEA /* Project object */ = {
			isa = PBXProject;
			buildConfigurationList = 84F30CC308FEAA620087E26C /* Build configuration list for PBXProject "CSL_Server" */;
			compatibilityVersion = "Xcode 2.4";
			hasScannedForEncodings = 1;
			mainGroup = 20286C29FDCF999611CA2CEA /* juce_application */;
			projectDirPath = "";
			projectRoot = "";
			targets = (
				8D0C4E890486CD37000505A6 /* CSL_Server */,
			);
		};
/* End PBXProject section */

/* Begin PBXResourcesBuildPhase section */
		8D0C4E8C0486CD37000505A6 /* Resources */ = {
			isa = PBXResourcesBuildPhase;
			buildActionMask = 2147483647;
			files = (
				4CF625F8108305770045BBD9 /* InfoServer.plist in Resources */,
				4CF626691083B1160045BBD9 /* InfoPlistServer.strings in Resources */,
			);
			runOnlyForDeploymentPostprocessing = 0;
		};
/* End PBXResourcesBuildPhase section */

/* Begin PBXSourcesBuildPhase section */
		8D0C4E8F0486CD37000505A6 /* Sources */ = {
			isa = PBXSourcesBuildPhase;
			buildActionMask = 2147483647;
			files = (
				4C904E4C0CD1807500307D02 /* CSL_Core.cpp in Sources */,
				4C904E4D0CD1807500307D02 /* CGestalt.cpp in Sources */,
				4C904E4E0CD1807500307D02 /* Variable.cpp in Sources */,
				4C904F220CD1841500307D02 /* CPoint.cpp in Sources */,
				4C904E4F0CD1807500307D02 /* RingBuffer.cpp in Sources */,
				4C904EC90CD1808E00307D02 /* BinaryOp.cpp in Sources */,
				4C904F210CD1841500307D02 /* BlockResizer.cpp in Sources */,
				4C904F1F0CD1841500307D02 /* ThreadUtilities.cpp in Sources */,
				4C904EC10CD1808E00307D02 /* Oscillator.cpp in Sources */,
				4C904EBD0CD1808E00307D02 /* Window.cpp in Sources */,
				4C904EBE0CD1808E00307D02 /* Envelope.cpp in Sources */,
				4C904ECC0CD1808E00307D02 /* Filters.cpp in Sources */,
				4C904ECA0CD1808E00307D02 /* Mixer.cpp in Sources */,
				4C904ED10CD1808E00307D02 /* Freeverb.cpp in Sources */,
				4CD020680CD2A8D7003CC9F3 /* Instrument.cpp in Sources */,
				4CD020670CD2A8D5003CC9F3 /* BasicFMInstrument.cpp in Sources */,
				4CD020690CD2A8D9003CC9F3 /* SndFileInstrument.cpp in Sources */,
				4CF402B01048CD500023930D /* SoundFile.cpp in Sources */,
				4CA0B4781062ADAB008009D0 /* SoundFileJ.cpp in Sources */,
				4C9F346B1076DAFD00C90714 /* MIDIIOJ.cpp in Sources */,
				4CC43446107AB39600AE02E9 /* OSC_support.cpp in Sources */,
				4CA75570107D7EFA0030FF80 /* AdditiveInstrument.cpp in Sources */,
				4CF624F31082E9A90045BBD9 /* CSL_ServerComponent.cpp in Sources */,
				4CF625161082E9E70045BBD9 /* MainServer.cpp in Sources */,
				4CF625741082FF220045BBD9 /* Noise.cpp in Sources */,
			);
			runOnlyForDeploymentPostprocessing = 0;
		};
/* End PBXSourcesBuildPhase section */

/* Begin PBXVariantGroup section */
		4CF626671083B1160045BBD9 /* InfoPlistServer.strings */ = {
			isa = PBXVariantGroup;
			children = (
				4CF626681083B1160045BBD9 /* English */,
			);
			name = InfoPlistServer.strings;
			sourceTree = "<group>";
		};
/* End PBXVariantGroup section */

/* Begin XCBuildConfiguration section */
		84F30CC008FEAA620087E26C /* Debug */ = {
			isa = XCBuildConfiguration;
			buildSettings = {
				COPY_PHASE_STRIP = NO;
				GCC_AUTO_VECTORIZATION = YES;
				GCC_C_LANGUAGE_STANDARD = "compiler-default";
				GCC_DYNAMIC_NO_PIC = NO;
				GCC_ENABLE_FIX_AND_CONTINUE = NO;
				GCC_ENABLE_SSE41_EXTENSIONS = YES;
				GCC_ENABLE_SSE42_EXTENSIONS = YES;
				GCC_ENABLE_SUPPLEMENTAL_SSE3_INSTRUCTIONS = YES;
				GCC_FEEDBACK_DIRECTED_OPTIMIZATION = Off;
				GCC_GENERATE_DEBUGGING_SYMBOLS = YES;
				GCC_INLINES_ARE_PRIVATE_EXTERN = NO;
				GCC_OPTIMIZATION_LEVEL = 0;
				GCC_PREPROCESSOR_DEFINITIONS = (
					USE_JUCE,
					USE_JSND,
				);
				GCC_WARN_64_TO_32_BIT_CONVERSION = YES;
				GCC_WARN_ABOUT_DEPRECATED_FUNCTIONS = YES;
				GCC_WARN_ABOUT_INVALID_OFFSETOF_MACRO = NO;
				GCC_WARN_ABOUT_MISSING_PROTOTYPES = NO;
				GCC_WARN_ABOUT_POINTER_SIGNEDNESS = NO;
				GCC_WARN_ABOUT_RETURN_TYPE = YES;
				GCC_WARN_ALLOW_INCOMPLETE_PROTOCOL = NO;
				GCC_WARN_CHECK_SWITCH_STATEMENTS = NO;
				GCC_WARN_EFFECTIVE_CPLUSPLUS_VIOLATIONS = NO;
				GCC_WARN_INHIBIT_ALL_WARNINGS = YES;
				GCC_WARN_MISSING_PARENTHESES = YES;
				GCC_WARN_PEDANTIC = NO;
				GCC_WARN_PROTOTYPE_CONVERSION = YES;
				GCC_WARN_SHADOW = YES;
				GCC_WARN_UNUSED_VALUE = YES;
				GCC_WARN_UNUSED_VARIABLE = NO;
				HEADER_SEARCH_PATHS = "";
				INFOPLIST_FILE = InfoServer.plist;
				INSTALL_PATH = "$(HOME)/Applications";
				LIBRARY_SEARCH_PATHS = (
					../../juce/bin,
					"$(LIBRARY_SEARCH_PATHS_QUOTED_FOR_TARGET_1)",
				);
				LIBRARY_SEARCH_PATHS_QUOTED_FOR_TARGET_1 = "\"$(SRCROOT)/../../juce/bin/UninstalledProducts\"";
				OTHER_CFLAGS = "";
				OTHER_CPLUSPLUSFLAGS = "$(OTHER_CFLAGS)";
				OTHER_LDFLAGS = "";
				PREBINDING = NO;
				PRODUCT_NAME = CSL_Server;
				USER_HEADER_SEARCH_PATHS = "../CSL/Includes ~/Code/juce";
				WRAPPER_EXTENSION = app;
			};
			name = Debug;
		};
		84F30CC108FEAA620087E26C /* Release */ = {
			isa = XCBuildConfiguration;
			buildSettings = {
				COPY_PHASE_STRIP = YES;
				GCC_ENABLE_FIX_AND_CONTINUE = NO;
				GCC_GENERATE_DEBUGGING_SYMBOLS = NO;
				GCC_OPTIMIZATION_LEVEL = 0;
				GCC_WARN_ABOUT_DEPRECATED_FUNCTIONS = NO;
				GCC_WARN_ABOUT_INVALID_OFFSETOF_MACRO = NO;
				GCC_WARN_ABOUT_POINTER_SIGNEDNESS = NO;
				GCC_WARN_ABOUT_RETURN_TYPE = YES;
				GCC_WARN_INHIBIT_ALL_WARNINGS = YES;
				GCC_WARN_UNUSED_VARIABLE = NO;
				INFOPLIST_FILE = Info.plist;
				INSTALL_PATH = "$(HOME)/Applications";
				LIBRARY_SEARCH_PATHS = (
					../../juce/bin,
					"$(LIBRARY_SEARCH_PATHS_QUOTED_FOR_TARGET_1)",
				);
				LIBRARY_SEARCH_PATHS_QUOTED_FOR_TARGET_1 = "\"$(SRCROOT)/../../juce/bin/UninstalledProducts\"";
				PREBINDING = NO;
				PRODUCT_NAME = CSL_Juce;
				USER_HEADER_SEARCH_PATHS = "../../juce ../CSL/Kernel";
				WRAPPER_EXTENSION = app;
				ZERO_LINK = NO;
			};
			name = Release;
		};
		84F30CC408FEAA620087E26C /* Debug */ = {
			isa = XCBuildConfiguration;
			buildSettings = {
				COPY_PHASE_STRIP = NO;
				GCC_AUTO_VECTORIZATION = YES;
				GCC_CW_ASM_SYNTAX = NO;
				GCC_C_LANGUAGE_STANDARD = c99;
				GCC_ENABLE_ASM_KEYWORD = NO;
				GCC_ENABLE_SSE3_EXTENSIONS = YES;
				GCC_FAST_MATH = YES;
				GCC_MODEL_TUNING = "";
				GCC_NO_COMMON_BLOCKS = NO;
				GCC_OPTIMIZATION_LEVEL = 0;
				GCC_UNROLL_LOOPS = YES;
				GCC_VERSION = 4.2;
				GCC_WARN_ABOUT_DEPRECATED_FUNCTIONS = NO;
				HEADER_SEARCH_PATHS = ../../../juce;
				LIBRARY_SEARCH_PATHS = "";
				ONLY_ACTIVE_ARCH = YES;
				OTHER_CFLAGS = "-DUSE_JUCE";
				OTHER_LDFLAGS = "-lmad";
				STRIP_INSTALLED_PRODUCT = NO;
				USER_HEADER_SEARCH_PATHS = "";
			};
			name = Debug;
		};
		84F30CC508FEAA620087E26C /* Release */ = {
			isa = XCBuildConfiguration;
			buildSettings = {
				COPY_PHASE_STRIP = NO;
				GCC_AUTO_VECTORIZATION = YES;
				GCC_CW_ASM_SYNTAX = NO;
				GCC_C_LANGUAGE_STANDARD = c99;
				GCC_ENABLE_ASM_KEYWORD = NO;
				GCC_ENABLE_SSE3_EXTENSIONS = YES;
				GCC_FAST_MATH = YES;
				GCC_MODEL_TUNING = "";
				GCC_OPTIMIZATION_LEVEL = 0;
				GCC_UNROLL_LOOPS = YES;
				GCC_VERSION = 4.2;
				GCC_WARN_ABOUT_DEPRECATED_FUNCTIONS = NO;
				LIBRARY_SEARCH_PATHS = "";
				ONLY_ACTIVE_ARCH = YES;
				STRIP_INSTALLED_PRODUCT = NO;
				USER_HEADER_SEARCH_PATHS = "";
			};
			name = Release;
		};
/* End XCBuildConfiguration section */

/* Begin XCConfigurationList section */
		84F30CBF08FEAA620087E26C /* Build configuration list for PBXNativeTarget "CSL_Server" */ = {
			isa = XCConfigurationList;
			buildConfigurations = (
				84F30CC008FEAA620087E26C /* Debug */,
				84F30CC108FEAA620087E26C /* Release */,
			);
			defaultConfigurationIsVisible = 0;
			defaultConfigurationName = Debug;
		};
		84F30CC308FEAA620087E26C /* Build configuration list for PBXProject "CSL_Server" */ = {
			isa = XCConfigurationList;
			buildConfigurations = (
				84F30CC408FEAA620087E26C /* Debug */,
				84F30CC508FEAA620087E26C /* Release */,
			);
			defaultConfigurationIsVisible = 0;
			defaultConfigurationName = Debug;
		};
/* End XCConfigurationList section */
	};
	rootObject = 20286C28FDCF999611CA2CEA /* Project object */;
}
